<?xml version="1.0" encoding="utf-8"?>
<Project ToolsVersion="4.0" xmlns="http://schemas.microsoft.com/developer/msbuild/2003">
  <ItemGroup>
    <Filter Include="Source Files">
      <UniqueIdentifier>{4FC737F1-C7A5-4376-A066-2A32D752A2FF}</UniqueIdentifier>
      <Extensions>cpp;c;cc;cxx;def;odl;idl;hpj;bat;asm;asmx</Extensions>
    </Filter>
    <Filter Include="Header Files">
      <UniqueIdentifier>{93995380-89BD-4b04-88EB-625FBE52EBFB}</UniqueIdentifier>
      <Extensions>h;hh;hpp;hxx;hm;inl;inc;xsd</Extensions>
    </Filter>
    <Filter Include="Resource Files">
      <UniqueIdentifier>{67DA6AB6-F800-4c08-8B7A-83BB121AAD01}</UniqueIdentifier>
      <Extensions>rc;ico;cur;bmp;dlg;rc2;rct;bin;rgs;gif;jpg;jpeg;jpe;resx;tiff;tif;png;wav;mfcribbon-ms</Extensions>
    </Filter>
    <Filter Include="Source Files\GXBuddhabrot">
      <UniqueIdentifier>{798521a9-5bb6-4be4-b657-b1de7a8fa974}</UniqueIdentifier>
    </Filter>
    <Filter Include="Source Files\GXEngine">
      <UniqueIdentifier>{5eb3edd9-aa28-4422-ab3c-993ef81708b1}</UniqueIdentifier>
    </Filter>
    <Filter Include="Header Files\GXBuddhabrot">
      <UniqueIdentifier>{f0419e07-426e-4b02-9f34-6ca2a94df52e}</UniqueIdentifier>
    </Filter>
    <Filter Include="Header Files\GXEngine">
      <UniqueIdentifier>{bf30ecba-8a85-4942-b898-a0940c3b5fb3}</UniqueIdentifier>
    </Filter>
    <Filter Include="Header Files\GXCommon">
      <UniqueIdentifier>{e2e900bd-6766-43d7-83a5-97f270020589}</UniqueIdentifier>
    </Filter>
    <Filter Include="Source Files\GXCommon">
      <UniqueIdentifier>{e41b3566-b3e0-45cf-9b20-dd2cb044b350}</UniqueIdentifier>
    </Filter>
    <Filter Include="Source Files\GXCommon\Windows">
      <UniqueIdentifier>{86fb7645-6118-485f-b57c-7a4a56882958}</UniqueIdentifier>
    </Filter>
    <Filter Include="Header Files\GXCommon\Windows">
      <UniqueIdentifier>{afa2a5ad-b942-40d2-95e8-b215d4c81f46}</UniqueIdentifier>
    </Filter>
    <Filter Include="Source Files\GXBuddhabrot\GUI">
      <UniqueIdentifier>{ac102928-0838-4e1d-90af-db83ccaad08b}</UniqueIdentifier>
    </Filter>
    <Filter Include="Source Files\GXBuddhabrot\Math core">
      <UniqueIdentifier>{0e81806b-a0e5-4d82-a178-b5117b1d64c3}</UniqueIdentifier>
    </Filter>
    <Filter Include="Header Files\GXBuddhabrot\Math core">
      <UniqueIdentifier>{8fc314e5-acdf-4c2c-91d7-714ab35a3a77}</UniqueIdentifier>
    </Filter>
    <Filter Include="Header Files\GXBuddhabrot\GUI">
      <UniqueIdentifier>{f9846f47-9447-4525-837e-75c8462077fc}</UniqueIdentifier>
    </Filter>
  </ItemGroup>
  <ItemGroup>
    <ClCompile Include="..\..\Sources\GXBuddhabrot\BBGame.cpp">
      <Filter>Source Files\GXBuddhabrot</Filter>
    </ClCompile>
    <ClCompile Include="..\..\Sources\GXBuddhabrot\BBMain.cpp">
      <Filter>Source Files\GXBuddhabrot</Filter>
    </ClCompile>
    <ClCompile Include="..\..\Sources\GXEngine\GXCore.cpp">
      <Filter>Source Files\GXEngine</Filter>
    </ClCompile>
    <ClCompile Include="..\..\Sources\GXEngine\GXGame.cpp">
      <Filter>Source Files\GXEngine</Filter>
    </ClCompile>
    <ClCompile Include="..\..\Sources\GXCommon\GXMath.cpp">
      <Filter>Source Files\GXCommon</Filter>
    </ClCompile>
    <ClCompile Include="..\..\Sources\GXEngine\GXTouchSurface.cpp">
      <Filter>Source Files\GXEngine</Filter>
    </ClCompile>
    <ClCompile Include="..\..\Sources\GXEngine\GXEngineSettings.cpp">
      <Filter>Source Files\GXEngine</Filter>
    </ClCompile>
    <ClCompile Include="..\..\Sources\GXEngine\GXFont.cpp">
      <Filter>Source Files\GXEngine</Filter>
    </ClCompile>
    <ClCompile Include="..\..\Sources\GXEngine\GXInput.cpp">
      <Filter>Source Files\GXEngine</Filter>
    </ClCompile>
    <ClCompile Include="..\..\Sources\GXEngine\GXLocale.cpp">
      <Filter>Source Files\GXEngine</Filter>
    </ClCompile>
    <ClCompile Include="..\..\Sources\GXEngine\GXMeshGeometry.cpp">
      <Filter>Source Files\GXEngine</Filter>
    </ClCompile>
    <ClCompile Include="..\..\Sources\GXEngine\GXNetwork.cpp">
      <Filter>Source Files\GXEngine</Filter>
    </ClCompile>
    <ClCompile Include="..\..\Sources\GXEngine\GXPhysXFrontend.cpp">
      <Filter>Source Files\GXEngine</Filter>
    </ClCompile>
    <ClCompile Include="..\..\Sources\GXEngine\GXRenderer.cpp">
      <Filter>Source Files\GXEngine</Filter>
    </ClCompile>
    <ClCompile Include="..\..\Sources\GXEngine\GXSampler.cpp">
      <Filter>Source Files\GXEngine</Filter>
    </ClCompile>
    <ClCompile Include="..\..\Sources\GXEngine\GXShaderProgram.cpp">
      <Filter>Source Files\GXEngine</Filter>
    </ClCompile>
    <ClCompile Include="..\..\Sources\GXEngine\GXSoundMixer.cpp">
      <Filter>Source Files\GXEngine</Filter>
    </ClCompile>
    <ClCompile Include="..\..\Sources\GXEngine\GXSoundStorage.cpp">
      <Filter>Source Files\GXEngine</Filter>
    </ClCompile>
    <ClCompile Include="..\..\Sources\GXEngine\GXSplashScreen.cpp">
      <Filter>Source Files\GXEngine</Filter>
    </ClCompile>
    <ClCompile Include="..\..\Sources\GXEngine\GXTexture2D.cpp">
      <Filter>Source Files\GXEngine</Filter>
    </ClCompile>
    <ClCompile Include="..\..\Sources\GXEngine\GXTextureCubeMap.cpp">
      <Filter>Source Files\GXEngine</Filter>
    </ClCompile>
    <ClCompile Include="..\..\Sources\GXCommon\GXCFGLoader.cpp">
      <Filter>Source Files\GXCommon</Filter>
    </ClCompile>
    <ClCompile Include="..\..\Sources\GXCommon\GXFileSystem.cpp">
      <Filter>Source Files\GXCommon</Filter>
    </ClCompile>
    <ClCompile Include="..\..\Sources\GXCommon\GXLogger.cpp">
      <Filter>Source Files\GXCommon</Filter>
    </ClCompile>
    <ClCompile Include="..\..\Sources\GXCommon\GXStrings.cpp">
      <Filter>Source Files\GXCommon</Filter>
    </ClCompile>
    <ClCompile Include="..\..\Sources\GXCommon\Windows\GXMutex.cpp">
      <Filter>Source Files\GXCommon\Windows</Filter>
    </ClCompile>
    <ClCompile Include="..\..\Sources\GXCommon\Windows\GXSmartLock.cpp">
      <Filter>Source Files\GXCommon\Windows</Filter>
    </ClCompile>
    <ClCompile Include="..\..\Sources\GXCommon\Windows\GXThread.cpp">
      <Filter>Source Files\GXCommon\Windows</Filter>
    </ClCompile>
    <ClCompile Include="..\..\Sources\GXCommon\Windows\GXTime.cpp">
      <Filter>Source Files\GXCommon\Windows</Filter>
    </ClCompile>
    <ClCompile Include="..\..\Sources\GXCommon\Windows\GXUIntAtomic.cpp">
      <Filter>Source Files\GXCommon\Windows</Filter>
    </ClCompile>
    <ClCompile Include="..\..\Sources\GXCommon\GXImageLoader.cpp">
      <Filter>Source Files\GXCommon</Filter>
    </ClCompile>
    <ClCompile Include="..\..\Sources\GXCommon\GXAbstractMutex.cpp">
      <Filter>Source Files\GXCommon</Filter>
    </ClCompile>
    <ClCompile Include="..\..\Sources\GXCommon\GXAbstractSmartLock.cpp">
      <Filter>Source Files\GXCommon</Filter>
    </ClCompile>
    <ClCompile Include="..\..\Sources\GXCommon\GXAbstractThread.cpp">
      <Filter>Source Files\GXCommon</Filter>
    </ClCompile>
    <ClCompile Include="..\..\Sources\GXCommon\GXAbstractUIntAtomic.cpp">
      <Filter>Source Files\GXCommon</Filter>
    </ClCompile>
    <ClCompile Include="..\..\Sources\GXEngine\GXOpenGL.cpp">
      <Filter>Source Files\GXEngine</Filter>
    </ClCompile>
    <ClCompile Include="..\..\Sources\GXCommon\GXNativeStaticMeshLoader.cpp">
      <Filter>Source Files\GXCommon</Filter>
    </ClCompile>
    <ClCompile Include="..\..\Sources\GXCommon\GXMemory.cpp">
      <Filter>Source Files\GXCommon</Filter>
    </ClCompile>
    <ClCompile Include="..\..\Sources\GXCommon\GXAVLTree.cpp">
      <Filter>Source Files\GXCommon</Filter>
    </ClCompile>
    <ClCompile Include="..\..\Sources\GXCommon\GXNativeSkin.cpp">
      <Filter>Source Files\GXCommon</Filter>
    </ClCompile>
    <ClCompile Include="..\..\Sources\GXCommon\GXNativeSkeletalMesh.cpp">
      <Filter>Source Files\GXCommon</Filter>
    </ClCompile>
    <ClCompile Include="..\..\Sources\GXCommon\GXNativeMesh.cpp">
      <Filter>Source Files\GXCommon</Filter>
    </ClCompile>
    <ClCompile Include="..\..\Sources\GXCommon\GXNativeStaticMeshSaver.cpp">
      <Filter>Source Files\GXCommon</Filter>
    </ClCompile>
    <ClCompile Include="..\..\Sources\GXEngine\GXSkinningMaterial.cpp">
      <Filter>Source Files\GXEngine</Filter>
    </ClCompile>
    <ClCompile Include="..\..\Sources\GXEngine\GXWidget.cpp">
      <Filter>Source Files\GXEngine</Filter>
    </ClCompile>
    <ClCompile Include="..\..\Sources\GXEngine\GXTexture2DGammaCorrectorMaterial.cpp">
      <Filter>Source Files\GXEngine</Filter>
    </ClCompile>
    <ClCompile Include="..\..\Sources\GXEngine\GXMaterial.cpp">
      <Filter>Source Files\GXEngine</Filter>
    </ClCompile>
    <ClCompile Include="..\..\Sources\GXEngine\GXEquirectangularToCubeMapMaterial.cpp">
      <Filter>Source Files\GXEngine</Filter>
    </ClCompile>
    <ClCompile Include="..\..\Sources\GXEngine\GXSoundChannel.cpp">
      <Filter>Source Files\GXEngine</Filter>
    </ClCompile>
    <ClCompile Include="..\..\Sources\GXEngine\GXSoundEmitter.cpp">
      <Filter>Source Files\GXEngine</Filter>
    </ClCompile>
    <ClCompile Include="..\..\Sources\GXEngine\GXOGGSoundProvider.cpp">
      <Filter>Source Files\GXEngine</Filter>
    </ClCompile>
    <ClCompile Include="..\..\Sources\GXEngine\GXCamera.cpp">
      <Filter>Source Files\GXEngine</Filter>
    </ClCompile>
    <ClCompile Include="..\..\Sources\GXEngine\GXSoundProvider.cpp">
      <Filter>Source Files\GXEngine</Filter>
    </ClCompile>
    <ClCompile Include="..\..\Sources\GXEngine\GXCameraPerspective.cpp">
      <Filter>Source Files\GXEngine</Filter>
    </ClCompile>
    <ClCompile Include="..\..\Sources\GXEngine\GXSkeleton.cpp">
      <Filter>Source Files\GXEngine</Filter>
    </ClCompile>
    <ClCompile Include="..\..\Sources\GXEngine\GXTransform.cpp">
      <Filter>Source Files\GXEngine</Filter>
    </ClCompile>
    <ClCompile Include="..\..\Sources\GXEngine\GXSound.cpp">
      <Filter>Source Files\GXEngine</Filter>
    </ClCompile>
    <ClCompile Include="..\..\Sources\GXCommon\GXOBJLoader.cpp">
      <Filter>Source Files\GXCommon</Filter>
    </ClCompile>
    <ClCompile Include="..\..\Sources\GXBuddhabrot\BBTask.cpp">
      <Filter>Source Files\GXBuddhabrot\Math core</Filter>
    </ClCompile>
    <ClCompile Include="..\..\Sources\GXBuddhabrot\BBScheduler.cpp">
      <Filter>Source Files\GXBuddhabrot\Math core</Filter>
    </ClCompile>
    <ClCompile Include="..\..\Sources\GXBuddhabrot\BBJob.cpp">
      <Filter>Source Files\GXBuddhabrot\Math core</Filter>
    </ClCompile>
    <ClCompile Include="..\..\Sources\GXBuddhabrot\BBLabel.cpp">
      <Filter>Source Files\GXBuddhabrot\GUI</Filter>
    </ClCompile>
    <ClCompile Include="..\..\Sources\GXEngine\GXUIStaticText.cpp">
      <Filter>Source Files\GXEngine</Filter>
    </ClCompile>
    <ClCompile Include="..\..\Sources\GXEngine\GXHudSurface.cpp">
      <Filter>Source Files\GXEngine</Filter>
    </ClCompile>
    <ClCompile Include="..\..\Sources\GXEngine\GXCameraOrthographic.cpp">
      <Filter>Source Files\GXEngine</Filter>
    </ClCompile>
    <ClCompile Include="..\..\Sources\GXEngine\GXUnlitColorMaskMaterial.cpp">
      <Filter>Source Files\GXEngine</Filter>
    </ClCompile>
    <ClCompile Include="..\..\Sources\GXEngine\GXUnlitColorMaterial.cpp">
      <Filter>Source Files\GXEngine</Filter>
    </ClCompile>
    <ClCompile Include="..\..\Sources\GXEngine\GXUnlitTexture2DMaterial.cpp">
      <Filter>Source Files\GXEngine</Filter>
    </ClCompile>
    <ClCompile Include="..\..\Sources\GXEngine\GXRenderable.cpp">
      <Filter>Source Files\GXEngine</Filter>
    </ClCompile>
    <ClCompile Include="..\..\Sources\GXCommon\Windows\GXMemoryInspector.cpp">
      <Filter>Source Files\GXCommon\Windows</Filter>
    </ClCompile>
    <ClCompile Include="..\..\Sources\GXCommon\Windows\GXUPointerAtomic.cpp">
      <Filter>Source Files\GXCommon\Windows</Filter>
    </ClCompile>
    <ClCompile Include="..\..\Sources\GXCommon\GXAbstractUPointerAtomic.cpp">
      <Filter>Source Files\GXCommon</Filter>
    </ClCompile>
  </ItemGroup>
  <ItemGroup>
    <ClInclude Include="..\..\Include\GXBuddhabrot\BBGame.h">
      <Filter>Header Files\GXBuddhabrot</Filter>
    </ClInclude>
    <ClInclude Include="..\..\Include\GXEngine\GXGame.h">
      <Filter>Header Files\GXEngine</Filter>
    </ClInclude>
    <ClInclude Include="..\..\Include\GXEngine\GXCore.h">
      <Filter>Header Files\GXEngine</Filter>
    </ClInclude>
    <ClInclude Include="..\..\Include\GXEngine\GXTexture2D.h">
      <Filter>Header Files\GXEngine</Filter>
    </ClInclude>
    <ClInclude Include="..\..\Include\GXEngine\GXTextureCubeMap.h">
      <Filter>Header Files\GXEngine</Filter>
    </ClInclude>
    <ClInclude Include="..\..\Include\GXEngine\GXTouchSurface.h">
      <Filter>Header Files\GXEngine</Filter>
    </ClInclude>
    <ClInclude Include="..\..\Include\GXEngine\GXEngineSettings.h">
      <Filter>Header Files\GXEngine</Filter>
    </ClInclude>
    <ClInclude Include="..\..\Include\GXEngine\GXFont.h">
      <Filter>Header Files\GXEngine</Filter>
    </ClInclude>
    <ClInclude Include="..\..\Include\GXEngine\GXInput.h">
      <Filter>Header Files\GXEngine</Filter>
    </ClInclude>
    <ClInclude Include="..\..\Include\GXEngine\GXLocale.h">
      <Filter>Header Files\GXEngine</Filter>
    </ClInclude>
    <ClInclude Include="..\..\Include\GXEngine\GXMeshGeometry.h">
      <Filter>Header Files\GXEngine</Filter>
    </ClInclude>
    <ClInclude Include="..\..\Include\GXEngine\GXNetwork.h">
      <Filter>Header Files\GXEngine</Filter>
    </ClInclude>
    <ClInclude Include="..\..\Include\GXEngine\GXPhysXFrontend.h">
      <Filter>Header Files\GXEngine</Filter>
    </ClInclude>
    <ClInclude Include="..\..\Include\GXEngine\GXRenderer.h">
      <Filter>Header Files\GXEngine</Filter>
    </ClInclude>
    <ClInclude Include="..\..\Include\GXEngine\GXSampler.h">
      <Filter>Header Files\GXEngine</Filter>
    </ClInclude>
    <ClInclude Include="..\..\Include\GXEngine\GXShaderProgram.h">
      <Filter>Header Files\GXEngine</Filter>
    </ClInclude>
    <ClInclude Include="..\..\Include\GXEngine\GXSoundMixer.h">
      <Filter>Header Files\GXEngine</Filter>
    </ClInclude>
    <ClInclude Include="..\..\Include\GXEngine\GXSoundStorage.h">
      <Filter>Header Files\GXEngine</Filter>
    </ClInclude>
    <ClInclude Include="..\..\Include\GXEngine\GXSplashScreen.h">
      <Filter>Header Files\GXEngine</Filter>
    </ClInclude>
    <ClInclude Include="..\..\Include\GXCommon\GXCFGLoader.h">
      <Filter>Header Files\GXCommon</Filter>
    </ClInclude>
    <ClInclude Include="..\..\Include\GXCommon\GXMath.h">
      <Filter>Header Files\GXCommon</Filter>
    </ClInclude>
    <ClInclude Include="..\..\Include\GXCommon\GXLogger.h">
      <Filter>Header Files\GXCommon</Filter>
    </ClInclude>
    <ClInclude Include="..\..\Include\GXCommon\GXMutex.h">
      <Filter>Header Files\GXCommon</Filter>
    </ClInclude>
    <ClInclude Include="..\..\Include\GXCommon\GXStrings.h">
      <Filter>Header Files\GXCommon</Filter>
    </ClInclude>
    <ClInclude Include="..\..\Include\GXCommon\GXTime.h">
      <Filter>Header Files\GXCommon</Filter>
    </ClInclude>
    <ClInclude Include="..\..\Include\GXCommon\GXTypes.h">
      <Filter>Header Files\GXCommon</Filter>
    </ClInclude>
    <ClInclude Include="..\..\Include\GXCommon\GXUIntAtomic.h">
      <Filter>Header Files\GXCommon</Filter>
    </ClInclude>
    <ClInclude Include="..\..\Include\GXCommon\GXWarning.h">
      <Filter>Header Files\GXCommon</Filter>
    </ClInclude>
    <ClInclude Include="..\..\Include\GXCommon\Windows\GXMutex.h">
      <Filter>Header Files\GXCommon\Windows</Filter>
    </ClInclude>
    <ClInclude Include="..\..\Include\GXCommon\Windows\GXSmartLock.h">
      <Filter>Header Files\GXCommon\Windows</Filter>
    </ClInclude>
    <ClInclude Include="..\..\Include\GXCommon\Windows\GXThread.h">
      <Filter>Header Files\GXCommon\Windows</Filter>
    </ClInclude>
    <ClInclude Include="..\..\Include\GXCommon\Windows\GXTypes.h">
      <Filter>Header Files\GXCommon\Windows</Filter>
    </ClInclude>
    <ClInclude Include="..\..\Include\GXCommon\Windows\GXUIntAtomic.h">
      <Filter>Header Files\GXCommon\Windows</Filter>
    </ClInclude>
    <ClInclude Include="..\..\Include\GXCommon\Windows\GXWarning.h">
      <Filter>Header Files\GXCommon\Windows</Filter>
    </ClInclude>
    <ClInclude Include="..\..\Include\GXCommon\GXImageLoader.h">
      <Filter>Header Files\GXCommon</Filter>
    </ClInclude>
    <ClInclude Include="..\..\Include\GXEngine\GXOpenGL.h">
      <Filter>Header Files\GXEngine</Filter>
    </ClInclude>
    <ClInclude Include="..\..\Include\GXCommon\GXNativeStaticMeshLoader.h">
      <Filter>Header Files\GXCommon</Filter>
    </ClInclude>
    <ClInclude Include="..\..\Include\GXCommon\GXMemory.h">
      <Filter>Header Files\GXCommon</Filter>
    </ClInclude>
    <ClInclude Include="..\..\Include\GXCommon\GXAVLTree.h">
      <Filter>Header Files\GXCommon</Filter>
    </ClInclude>
    <ClInclude Include="..\..\Include\GXCommon\GXNativeSkin.h">
      <Filter>Header Files\GXCommon</Filter>
    </ClInclude>
    <ClInclude Include="..\..\Include\GXCommon\GXNativeSkeletalMesh.h">
      <Filter>Header Files\GXCommon</Filter>
    </ClInclude>
    <ClInclude Include="..\..\Include\GXCommon\GXNativeMesh.h">
      <Filter>Header Files\GXCommon</Filter>
    </ClInclude>
    <ClInclude Include="..\..\Include\GXCommon\GXNativeStaticMeshSaver.h">
      <Filter>Header Files\GXCommon</Filter>
    </ClInclude>
    <ClInclude Include="..\..\Include\GXEngine\GXSkinningMaterial.h">
      <Filter>Header Files\GXEngine</Filter>
    </ClInclude>
    <ClInclude Include="..\..\Include\GXEngine\GXWidget.h">
      <Filter>Header Files\GXEngine</Filter>
    </ClInclude>
    <ClInclude Include="..\..\Include\GXEngine\GXTexture2DGammaCorrectorMaterial.h">
      <Filter>Header Files\GXEngine</Filter>
    </ClInclude>
    <ClInclude Include="..\..\Include\GXEngine\GXMaterial.h">
      <Filter>Header Files\GXEngine</Filter>
    </ClInclude>
    <ClInclude Include="..\..\Include\GXEngine\GXEquirectangularToCubeMapMaterial.h">
      <Filter>Header Files\GXEngine</Filter>
    </ClInclude>
    <ClInclude Include="..\..\Include\GXEngine\GXSoundChannel.h">
      <Filter>Header Files\GXEngine</Filter>
    </ClInclude>
    <ClInclude Include="..\..\Include\GXEngine\GXSoundEmitter.h">
      <Filter>Header Files\GXEngine</Filter>
    </ClInclude>
    <ClInclude Include="..\..\Include\GXEngine\GXOGGSoundProvider.h">
      <Filter>Header Files\GXEngine</Filter>
    </ClInclude>
    <ClInclude Include="..\..\Include\GXEngine\GXCamera.h">
      <Filter>Header Files\GXEngine</Filter>
    </ClInclude>
    <ClInclude Include="..\..\Include\GXEngine\GXSoundProvider.h">
      <Filter>Header Files\GXEngine</Filter>
    </ClInclude>
    <ClInclude Include="..\..\Include\GXEngine\GXCameraPerspective.h">
      <Filter>Header Files\GXEngine</Filter>
    </ClInclude>
    <ClInclude Include="..\..\Include\GXEngine\GXSkeleton.h">
      <Filter>Header Files\GXEngine</Filter>
    </ClInclude>
    <ClInclude Include="..\..\Include\GXEngine\GXTransform.h">
      <Filter>Header Files\GXEngine</Filter>
    </ClInclude>
    <ClInclude Include="..\..\Include\GXEngine\GXSound.h">
      <Filter>Header Files\GXEngine</Filter>
    </ClInclude>
    <ClInclude Include="..\..\Include\GXCommon\GXOBJLoader.h">
      <Filter>Header Files\GXCommon</Filter>
    </ClInclude>
    <ClInclude Include="..\..\Include\GXEngine\GXVersion.h">
      <Filter>Header Files\GXEngine</Filter>
    </ClInclude>
    <ClInclude Include="..\..\Include\GXBuddhabrot\BBTask.h">
      <Filter>Header Files\GXBuddhabrot\Math core</Filter>
    </ClInclude>
    <ClInclude Include="..\..\Include\GXBuddhabrot\BBJob.h">
      <Filter>Header Files\GXBuddhabrot\Math core</Filter>
    </ClInclude>
    <ClInclude Include="..\..\Include\GXBuddhabrot\BBScheduler.h">
      <Filter>Header Files\GXBuddhabrot\Math core</Filter>
    </ClInclude>
    <ClInclude Include="..\..\Include\GXBuddhabrot\BBLabel.h">
      <Filter>Header Files\GXBuddhabrot\GUI</Filter>
    </ClInclude>
    <ClInclude Include="..\..\Include\GXEngine\GXUIStaticText.h">
      <Filter>Header Files\GXEngine</Filter>
    </ClInclude>
    <ClInclude Include="..\..\Include\GXEngine\GXHudSurface.h">
      <Filter>Header Files\GXEngine</Filter>
    </ClInclude>
    <ClInclude Include="..\..\Include\GXBuddhabrot\BBGUIMeta.h">
      <Filter>Header Files\GXBuddhabrot\GUI</Filter>
    </ClInclude>
    <ClInclude Include="..\..\Include\GXEngine\GXRenderable.h">
      <Filter>Header Files\GXEngine</Filter>
    </ClInclude>
    <ClInclude Include="..\..\Include\GXEngine\GXUnlitColorMaskMaterial.h">
      <Filter>Header Files\GXEngine</Filter>
    </ClInclude>
    <ClInclude Include="..\..\Include\GXEngine\GXUnlitColorMaterial.h">
      <Filter>Header Files\GXEngine</Filter>
    </ClInclude>
    <ClInclude Include="..\..\Include\GXEngine\GXUnlitTexture2DMaterial.h">
      <Filter>Header Files\GXEngine</Filter>
    </ClInclude>
    <ClInclude Include="..\..\Include\GXEngine\GXUICommon.h">
      <Filter>Header Files\GXEngine</Filter>
    </ClInclude>
    <ClInclude Include="..\..\Include\GXCommon\GXUPointerAtomic.h">
      <Filter>Header Files\GXCommon</Filter>
    </ClInclude>
    <ClInclude Include="..\..\Include\GXCommon\Windows\GXUPointerAtomic.h">
      <Filter>Header Files\GXCommon\Windows</Filter>
    </ClInclude>
  </ItemGroup>
  <ItemGroup>
    <ResourceCompile Include="..\..\Sources\GXEngine\Windows\Main.rc">
      <Filter>Resource Files</Filter>
    </ResourceCompile>
    <ResourceCompile Include="..\..\Sources\GXEngine\Windows\Version.rc">
      <Filter>Resource Files</Filter>
    </ResourceCompile>
  </ItemGroup>
</Project>