<?xml version="1.0" encoding="utf-8"?>
<Project ToolsVersion="4.0" xmlns="http://schemas.microsoft.com/developer/msbuild/2003">
  <ItemGroup>
    <Filter Include="Source Files">
      <UniqueIdentifier>{4FC737F1-C7A5-4376-A066-2A32D752A2FF}</UniqueIdentifier>
      <Extensions>cpp;c;cc;cxx;def;odl;idl;hpj;bat;asm;asmx</Extensions>
    </Filter>
    <Filter Include="Header Files">
      <UniqueIdentifier>{93995380-89BD-4b04-88EB-625FBE52EBFB}</UniqueIdentifier>
      <Extensions>h;hh;hpp;hxx;hm;inl;inc;xsd</Extensions>
    </Filter>
    <Filter Include="Resource Files">
      <UniqueIdentifier>{67DA6AB6-F800-4c08-8B7A-83BB121AAD01}</UniqueIdentifier>
      <Extensions>rc;ico;cur;bmp;dlg;rc2;rct;bin;rgs;gif;jpg;jpeg;jpe;resx;tiff;tif;png;wav;mfcribbon-ms</Extensions>
    </Filter>
    <Filter Include="Source Files\GXCommon">
      <UniqueIdentifier>{9bde1711-f12a-4d1a-8f97-3a17a0129bdd}</UniqueIdentifier>
    </Filter>
    <Filter Include="Source Files\GXEngine">
      <UniqueIdentifier>{86b7e2f6-f7b6-4777-b52e-f9b6530e2248}</UniqueIdentifier>
    </Filter>
    <Filter Include="Source Files\GXEngine Editor Mobile">
      <UniqueIdentifier>{2bb7a78d-761c-4876-9444-c0907b536eef}</UniqueIdentifier>
    </Filter>
    <Filter Include="Header Files\GXEngine Editor Mobile">
      <UniqueIdentifier>{5af612b5-f8dc-4b38-9ee3-43bda3f82856}</UniqueIdentifier>
    </Filter>
    <Filter Include="Header Files\GXCommon">
      <UniqueIdentifier>{b59cc967-61e6-4047-bd8c-aec129e07360}</UniqueIdentifier>
    </Filter>
    <Filter Include="Header Files\GXEngine">
      <UniqueIdentifier>{04d9a3e7-9ce1-448d-8f27-c6a4686a8ac0}</UniqueIdentifier>
    </Filter>
    <Filter Include="Header Files\GXEngineDLL">
      <UniqueIdentifier>{a8ba0700-e902-4c73-a66d-72eba8fdce9b}</UniqueIdentifier>
    </Filter>
    <Filter Include="Shaders">
      <UniqueIdentifier>{e2c435f9-c2a5-429a-b6c3-913e6e0205ea}</UniqueIdentifier>
    </Filter>
    <Filter Include="Shaders\System">
      <UniqueIdentifier>{11509994-940d-4784-a692-2943f39f5024}</UniqueIdentifier>
    </Filter>
    <Filter Include="Header Files\GXPhysics">
      <UniqueIdentifier>{73a3ae44-a28b-4ce2-b302-215215c3efee}</UniqueIdentifier>
    </Filter>
    <Filter Include="Source Files\GXPhysics">
      <UniqueIdentifier>{4f041a0b-6400-4a5d-945d-0d1f9573665f}</UniqueIdentifier>
    </Filter>
    <Filter Include="Shaders\GXEngine Editor Mobile">
      <UniqueIdentifier>{2c335632-ca9d-49af-89c3-4a023d177c17}</UniqueIdentifier>
    </Filter>
    <Filter Include="Source Files\GXCommon\Windows">
      <UniqueIdentifier>{e708fb35-b5f6-4f86-9999-a18b816d153d}</UniqueIdentifier>
    </Filter>
    <Filter Include="Header Files\GXCommon\Windows">
      <UniqueIdentifier>{f608cb51-442d-429e-84cb-c52a317c2322}</UniqueIdentifier>
    </Filter>
  </ItemGroup>
  <ItemGroup>
    <ClCompile Include="..\..\Sources\GXCommon\GXAVLTree.cpp">
      <Filter>Source Files\GXCommon</Filter>
    </ClCompile>
    <ClCompile Include="..\..\Sources\GXCommon\GXFileSystem.cpp">
      <Filter>Source Files\GXCommon</Filter>
    </ClCompile>
    <ClCompile Include="..\..\Sources\GXCommon\GXImageLoader.cpp">
      <Filter>Source Files\GXCommon</Filter>
    </ClCompile>
    <ClCompile Include="..\..\Sources\GXCommon\GXMath.cpp">
      <Filter>Source Files\GXCommon</Filter>
    </ClCompile>
    <ClCompile Include="..\..\Sources\GXCommon\GXMemory.cpp">
      <Filter>Source Files\GXCommon</Filter>
    </ClCompile>
    <ClCompile Include="..\..\Sources\GXCommon\GXNativeStaticMeshLoader.cpp">
      <Filter>Source Files\GXCommon</Filter>
    </ClCompile>
    <ClCompile Include="..\..\Sources\GXCommon\GXNativeStaticMeshSaver.cpp">
      <Filter>Source Files\GXCommon</Filter>
    </ClCompile>
    <ClCompile Include="..\..\Sources\GXCommon\GXStrings.cpp">
      <Filter>Source Files\GXCommon</Filter>
    </ClCompile>
    <ClCompile Include="..\..\Sources\GXEngine\GXSoundProvider.cpp">
      <Filter>Source Files\GXEngine</Filter>
    </ClCompile>
    <ClCompile Include="..\..\Sources\GXEngine\GXSoundStorage.cpp">
      <Filter>Source Files\GXEngine</Filter>
    </ClCompile>
    <ClCompile Include="..\..\Sources\GXEngine\GXCamera.cpp">
      <Filter>Source Files\GXEngine</Filter>
    </ClCompile>
    <ClCompile Include="..\..\Sources\GXEngine\GXCameraOrthographic.cpp">
      <Filter>Source Files\GXEngine</Filter>
    </ClCompile>
    <ClCompile Include="..\..\Sources\GXEngine\GXCameraPerspective.cpp">
      <Filter>Source Files\GXEngine</Filter>
    </ClCompile>
    <ClCompile Include="..\..\Sources\GXEngine\GXCore.cpp">
      <Filter>Source Files\GXEngine</Filter>
    </ClCompile>
    <ClCompile Include="..\..\Sources\GXEngine\GXInput.cpp">
      <Filter>Source Files\GXEngine</Filter>
    </ClCompile>
    <ClCompile Include="..\..\Sources\GXEngine\GXLocale.cpp">
      <Filter>Source Files\GXEngine</Filter>
    </ClCompile>
    <ClCompile Include="..\..\Sources\GXEngine\GXNetwork.cpp">
      <Filter>Source Files\GXEngine</Filter>
    </ClCompile>
    <ClCompile Include="..\..\Sources\GXEngine\GXOGGSoundProvider.cpp">
      <Filter>Source Files\GXEngine</Filter>
    </ClCompile>
    <ClCompile Include="..\..\Sources\GXEngine\GXOpenGL.cpp">
      <Filter>Source Files\GXEngine</Filter>
    </ClCompile>
    <ClCompile Include="..\..\Sources\GXEngine\GXRenderer.cpp">
      <Filter>Source Files\GXEngine</Filter>
    </ClCompile>
    <ClCompile Include="..\..\Sources\GXEngine\GXSound.cpp">
      <Filter>Source Files\GXEngine</Filter>
    </ClCompile>
    <ClCompile Include="..\..\Sources\GXEngine\GXSoundChannel.cpp">
      <Filter>Source Files\GXEngine</Filter>
    </ClCompile>
    <ClCompile Include="..\..\Sources\GXEngine\GXSoundEmitter.cpp">
      <Filter>Source Files\GXEngine</Filter>
    </ClCompile>
    <ClCompile Include="..\..\Sources\GXEngine\GXSoundMixer.cpp">
      <Filter>Source Files\GXEngine</Filter>
    </ClCompile>
    <ClCompile Include="..\..\Sources\GXCommon\GXCFGLoader.cpp">
      <Filter>Source Files\GXCommon</Filter>
    </ClCompile>
    <ClCompile Include="..\..\Sources\GXCommon\GXCFGSaver.cpp">
      <Filter>Source Files\GXCommon</Filter>
    </ClCompile>
    <ClCompile Include="..\..\Sources\GXEngine\GXFont.cpp">
      <Filter>Source Files\GXEngine</Filter>
    </ClCompile>
    <ClCompile Include="..\..\Sources\GXCommon\GXNativeSkeletalMesh.cpp">
      <Filter>Source Files\GXCommon</Filter>
    </ClCompile>
    <ClCompile Include="..\..\Sources\GXCommon\GXOBJLoader.cpp">
      <Filter>Source Files\GXCommon</Filter>
    </ClCompile>
    <ClCompile Include="..\..\Sources\GXEngine\GXHudSurface.cpp">
      <Filter>Source Files\GXEngine</Filter>
    </ClCompile>
    <ClCompile Include="..\..\Sources\GXEngine\GXTouchSurface.cpp">
      <Filter>Source Files\GXEngine</Filter>
    </ClCompile>
    <ClCompile Include="..\..\Sources\GXEngine\GXWidget.cpp">
      <Filter>Source Files\GXEngine</Filter>
    </ClCompile>
    <ClCompile Include="..\..\Sources\GXEngine\GXUIButton.cpp">
      <Filter>Source Files\GXEngine</Filter>
    </ClCompile>
    <ClCompile Include="..\..\Sources\GXEngine\GXUIDraggableArea.cpp">
      <Filter>Source Files\GXEngine</Filter>
    </ClCompile>
    <ClCompile Include="..\..\Sources\GXEngine\GXUIStaticText.cpp">
      <Filter>Source Files\GXEngine</Filter>
    </ClCompile>
    <ClCompile Include="..\..\Sources\GXEngine\GXUIListBox.cpp">
      <Filter>Source Files\GXEngine</Filter>
    </ClCompile>
    <ClCompile Include="..\..\Sources\GXEngine\GXUIEditBox.cpp">
      <Filter>Source Files\GXEngine</Filter>
    </ClCompile>
    <ClCompile Include="..\..\Sources\GXEngine\GXUIInput.cpp">
      <Filter>Source Files\GXEngine</Filter>
    </ClCompile>
    <ClCompile Include="..\..\Sources\GXEngine\GXPhysXFrontend.cpp">
      <Filter>Source Files\GXEngine</Filter>
    </ClCompile>
    <ClCompile Include="..\..\Sources\GXEngine\GXEngineSettings.cpp">
      <Filter>Source Files\GXEngine</Filter>
    </ClCompile>
    <ClCompile Include="..\..\Sources\GXEngine\GXUIPopup.cpp">
      <Filter>Source Files\GXEngine</Filter>
    </ClCompile>
    <ClCompile Include="..\..\Sources\GXEngine\GXUIMenu.cpp">
      <Filter>Source Files\GXEngine</Filter>
    </ClCompile>
    <ClCompile Include="..\..\Sources\GXPhysics\GXPhysicsEngine.cpp">
      <Filter>Source Files\GXPhysics</Filter>
    </ClCompile>
    <ClCompile Include="..\..\Sources\GXPhysics\GXRigidBody.cpp">
      <Filter>Source Files\GXPhysics</Filter>
    </ClCompile>
    <ClCompile Include="..\..\Sources\GXPhysics\GXGravity.cpp">
      <Filter>Source Files\GXPhysics</Filter>
    </ClCompile>
    <ClCompile Include="..\..\Sources\GXPhysics\GXSpring.cpp">
      <Filter>Source Files\GXPhysics</Filter>
    </ClCompile>
    <ClCompile Include="..\..\Sources\GXPhysics\GXWorld.cpp">
      <Filter>Source Files\GXPhysics</Filter>
    </ClCompile>
    <ClCompile Include="..\..\Sources\GXPhysics\GXContact.cpp">
      <Filter>Source Files\GXPhysics</Filter>
    </ClCompile>
    <ClCompile Include="..\..\Sources\GXPhysics\GXShape.cpp">
      <Filter>Source Files\GXPhysics</Filter>
    </ClCompile>
    <ClCompile Include="..\..\Sources\GXPhysics\GXSphereShape.cpp">
      <Filter>Source Files\GXPhysics</Filter>
    </ClCompile>
    <ClCompile Include="..\..\Sources\GXPhysics\GXCollisionDetector.cpp">
      <Filter>Source Files\GXPhysics</Filter>
    </ClCompile>
    <ClCompile Include="..\..\Sources\GXPhysics\GXCollisionData.cpp">
      <Filter>Source Files\GXPhysics</Filter>
    </ClCompile>
    <ClCompile Include="..\..\Sources\GXPhysics\GXBoxShape.cpp">
      <Filter>Source Files\GXPhysics</Filter>
    </ClCompile>
    <ClCompile Include="..\..\Sources\GXPhysics\GXContactResolver.cpp">
      <Filter>Source Files\GXPhysics</Filter>
    </ClCompile>
    <ClCompile Include="..\..\Sources\GXEngine\GXTextureDuplicator.cpp">
      <Filter>Source Files\GXEngine</Filter>
    </ClCompile>
    <ClCompile Include="..\..\Sources\GXEngine\GXShaderProgram.cpp">
      <Filter>Source Files\GXEngine</Filter>
    </ClCompile>
    <ClCompile Include="..\..\Sources\GXEngine\GXMeshGeometry.cpp">
      <Filter>Source Files\GXEngine</Filter>
    </ClCompile>
    <ClCompile Include="..\..\Sources\GXEngine\GXMaterial.cpp">
      <Filter>Source Files\GXEngine</Filter>
    </ClCompile>
    <ClCompile Include="..\..\Sources\GXEngine\GXUnlitColorMaterial.cpp">
      <Filter>Source Files\GXEngine</Filter>
    </ClCompile>
    <ClCompile Include="..\..\Sources\GXEngine\GXUnlitTexture2DMaterial.cpp">
      <Filter>Source Files\GXEngine</Filter>
    </ClCompile>
    <ClCompile Include="..\..\Sources\GXEngine\GXUnlitColorMaskMaterial.cpp">
      <Filter>Source Files\GXEngine</Filter>
    </ClCompile>
    <ClCompile Include="..\..\Sources\GXEngine\GXTransform.cpp">
      <Filter>Source Files\GXEngine</Filter>
    </ClCompile>
    <ClCompile Include="..\..\Sources\GXEngine\GXRenderable.cpp">
      <Filter>Source Files\GXEngine</Filter>
    </ClCompile>
    <ClCompile Include="..\..\Sources\GXEngine\GXGame.cpp">
      <Filter>Source Files\GXEngine</Filter>
    </ClCompile>
    <ClCompile Include="..\..\Sources\GXEngine\GXSkeleton.cpp">
      <Filter>Source Files\GXEngine</Filter>
    </ClCompile>
    <ClCompile Include="..\..\Sources\GXEngine\GXSkinningMaterial.cpp">
      <Filter>Source Files\GXEngine</Filter>
    </ClCompile>
    <ClCompile Include="..\..\Sources\GXCommon\Windows\GXMutex.cpp">
      <Filter>Source Files\GXCommon\Windows</Filter>
    </ClCompile>
    <ClCompile Include="..\..\Sources\GXCommon\Windows\GXThread.cpp">
      <Filter>Source Files\GXCommon\Windows</Filter>
    </ClCompile>
    <ClCompile Include="..\..\Sources\GXCommon\GXAbstractThread.cpp">
      <Filter>Source Files\GXCommon</Filter>
    </ClCompile>
    <ClCompile Include="..\..\Sources\GXCommon\GXAbstractMutex.cpp">
      <Filter>Source Files\GXCommon</Filter>
    </ClCompile>
    <ClCompile Include="..\..\Sources\GXEngine_Editor_Mobile\EMRotateGismo.cpp">
      <Filter>Source Files\GXEngine Editor Mobile</Filter>
    </ClCompile>
    <ClCompile Include="..\..\Sources\GXEngine_Editor_Mobile\EMScaleGismo.cpp">
      <Filter>Source Files\GXEngine Editor Mobile</Filter>
    </ClCompile>
    <ClCompile Include="..\..\Sources\GXEngine_Editor_Mobile\EMSSAOApplyMaterial.cpp">
      <Filter>Source Files\GXEngine Editor Mobile</Filter>
    </ClCompile>
    <ClCompile Include="..\..\Sources\GXEngine_Editor_Mobile\EMSSAOSharpMaterial.cpp">
      <Filter>Source Files\GXEngine Editor Mobile</Filter>
    </ClCompile>
    <ClCompile Include="..\..\Sources\GXEngine_Editor_Mobile\EMTool.cpp">
      <Filter>Source Files\GXEngine Editor Mobile</Filter>
    </ClCompile>
    <ClCompile Include="..\..\Sources\GXEngine_Editor_Mobile\EMUI.cpp">
      <Filter>Source Files\GXEngine Editor Mobile</Filter>
    </ClCompile>
    <ClCompile Include="..\..\Sources\GXEngine_Editor_Mobile\EMUIButton.cpp">
      <Filter>Source Files\GXEngine Editor Mobile</Filter>
    </ClCompile>
    <ClCompile Include="..\..\Sources\GXEngine_Editor_Mobile\EMUIColorPicker.cpp">
      <Filter>Source Files\GXEngine Editor Mobile</Filter>
    </ClCompile>
    <ClCompile Include="..\..\Sources\GXEngine_Editor_Mobile\EMUIDraggableArea.cpp">
      <Filter>Source Files\GXEngine Editor Mobile</Filter>
    </ClCompile>
    <ClCompile Include="..\..\Sources\GXEngine_Editor_Mobile\EMUIEditBox.cpp">
      <Filter>Source Files\GXEngine Editor Mobile</Filter>
    </ClCompile>
    <ClCompile Include="..\..\Sources\GXEngine_Editor_Mobile\EMUIFileListBox.cpp">
      <Filter>Source Files\GXEngine Editor Mobile</Filter>
    </ClCompile>
    <ClCompile Include="..\..\Sources\GXEngine_Editor_Mobile\EMUIFPSCounter.cpp">
      <Filter>Source Files\GXEngine Editor Mobile</Filter>
    </ClCompile>
    <ClCompile Include="..\..\Sources\GXEngine_Editor_Mobile\EMUIMenu.cpp">
      <Filter>Source Files\GXEngine Editor Mobile</Filter>
    </ClCompile>
    <ClCompile Include="..\..\Sources\GXEngine_Editor_Mobile\EMUIMotionBlurSettings.cpp">
      <Filter>Source Files\GXEngine Editor Mobile</Filter>
    </ClCompile>
    <ClCompile Include="..\..\Sources\GXEngine_Editor_Mobile\EMUIOpenFile.cpp">
      <Filter>Source Files\GXEngine Editor Mobile</Filter>
    </ClCompile>
    <ClCompile Include="..\..\Sources\GXEngine_Editor_Mobile\EMUIPopup.cpp">
      <Filter>Source Files\GXEngine Editor Mobile</Filter>
    </ClCompile>
    <ClCompile Include="..\..\Sources\GXEngine_Editor_Mobile\EMUISeparator.cpp">
      <Filter>Source Files\GXEngine Editor Mobile</Filter>
    </ClCompile>
    <ClCompile Include="..\..\Sources\GXEngine_Editor_Mobile\EMUISSAOSettings.cpp">
      <Filter>Source Files\GXEngine Editor Mobile</Filter>
    </ClCompile>
    <ClCompile Include="..\..\Sources\GXEngine_Editor_Mobile\EMUIStaticText.cpp">
      <Filter>Source Files\GXEngine Editor Mobile</Filter>
    </ClCompile>
    <ClCompile Include="..\..\Sources\GXEngine_Editor_Mobile\EMUnitActor.cpp">
      <Filter>Source Files\GXEngine Editor Mobile</Filter>
    </ClCompile>
    <ClCompile Include="..\..\Sources\GXEngine_Editor_Mobile\EMVelocityNeighborMaxMaterial.cpp">
      <Filter>Source Files\GXEngine Editor Mobile</Filter>
    </ClCompile>
    <ClCompile Include="..\..\Sources\GXEngine_Editor_Mobile\EMVelocityTileMaxMaterial.cpp">
      <Filter>Source Files\GXEngine Editor Mobile</Filter>
    </ClCompile>
    <ClCompile Include="..\..\Sources\GXEngine_Editor_Mobile\EMVertexColorMaterial.cpp">
      <Filter>Source Files\GXEngine Editor Mobile</Filter>
    </ClCompile>
    <ClCompile Include="..\..\Sources\GXEngine_Editor_Mobile\EMViewer.cpp">
      <Filter>Source Files\GXEngine Editor Mobile</Filter>
    </ClCompile>
    <ClCompile Include="..\..\Sources\GXEngine_Editor_Mobile\Main.cpp">
      <Filter>Source Files\GXEngine Editor Mobile</Filter>
    </ClCompile>
    <ClCompile Include="..\..\Sources\GXEngine_Editor_Mobile\EMActor.cpp">
      <Filter>Source Files\GXEngine Editor Mobile</Filter>
    </ClCompile>
    <ClCompile Include="..\..\Sources\GXEngine_Editor_Mobile\EMCheckerGeneratorMaterial.cpp">
      <Filter>Source Files\GXEngine Editor Mobile</Filter>
    </ClCompile>
    <ClCompile Include="..\..\Sources\GXEngine_Editor_Mobile\EMCookTorranceCommonPassMaterial.cpp">
      <Filter>Source Files\GXEngine Editor Mobile</Filter>
    </ClCompile>
    <ClCompile Include="..\..\Sources\GXEngine_Editor_Mobile\EMCookTorranceDirectedLightMaterial.cpp">
      <Filter>Source Files\GXEngine Editor Mobile</Filter>
    </ClCompile>
    <ClCompile Include="..\..\Sources\GXEngine_Editor_Mobile\EMDirectedLightActor.cpp">
      <Filter>Source Files\GXEngine Editor Mobile</Filter>
    </ClCompile>
    <ClCompile Include="..\..\Sources\GXEngine_Editor_Mobile\EMFluttershy.cpp">
      <Filter>Source Files\GXEngine Editor Mobile</Filter>
    </ClCompile>
    <ClCompile Include="..\..\Sources\GXEngine_Editor_Mobile\EMGame.cpp">
      <Filter>Source Files\GXEngine Editor Mobile</Filter>
    </ClCompile>
    <ClCompile Include="..\..\Sources\GXEngine_Editor_Mobile\EMGaussHorizontalBlurMaterial.cpp">
      <Filter>Source Files\GXEngine Editor Mobile</Filter>
    </ClCompile>
    <ClCompile Include="..\..\Sources\GXEngine_Editor_Mobile\EMGaussVerticalBlurMaterial.cpp">
      <Filter>Source Files\GXEngine Editor Mobile</Filter>
    </ClCompile>
    <ClCompile Include="..\..\Sources\GXEngine_Editor_Mobile\EMHueCircleGeneratorMaterial.cpp">
      <Filter>Source Files\GXEngine Editor Mobile</Filter>
    </ClCompile>
    <ClCompile Include="..\..\Sources\GXEngine_Editor_Mobile\EMLight.cpp">
      <Filter>Source Files\GXEngine Editor Mobile</Filter>
    </ClCompile>
    <ClCompile Include="..\..\Sources\GXEngine_Editor_Mobile\EMMesh.cpp">
      <Filter>Source Files\GXEngine Editor Mobile</Filter>
    </ClCompile>
    <ClCompile Include="..\..\Sources\GXEngine_Editor_Mobile\EMMotionBlurMaterial.cpp">
      <Filter>Source Files\GXEngine Editor Mobile</Filter>
    </ClCompile>
    <ClCompile Include="..\..\Sources\GXEngine_Editor_Mobile\EMMoveTool.cpp">
      <Filter>Source Files\GXEngine Editor Mobile</Filter>
    </ClCompile>
    <ClCompile Include="..\..\Sources\GXEngine_Editor_Mobile\EMObjectMaskMaterial.cpp">
      <Filter>Source Files\GXEngine Editor Mobile</Filter>
    </ClCompile>
    <ClCompile Include="..\..\Sources\GXEngine_Editor_Mobile\EMPhysicsDrivenActor.cpp">
      <Filter>Source Files\GXEngine Editor Mobile</Filter>
    </ClCompile>
    <ClCompile Include="..\..\Sources\GXEngine_Editor_Mobile\EMRenderer.cpp">
      <Filter>Source Files\GXEngine Editor Mobile</Filter>
    </ClCompile>
    <ClCompile Include="..\..\Sources\GXEngine\GXTextValidator.cpp">
      <Filter>Source Files\GXEngine</Filter>
    </ClCompile>
    <ClCompile Include="..\..\Sources\GXEngine\GXUIEditBoxFloatValidator.cpp">
      <Filter>Source Files\GXEngine</Filter>
    </ClCompile>
    <ClCompile Include="..\..\Sources\GXEngine\GXUIEditBoxIntegerValidator.cpp">
      <Filter>Source Files\GXEngine</Filter>
    </ClCompile>
    <ClCompile Include="..\..\Sources\GXEngine\GXSplashScreen.cpp">
      <Filter>Source Files\GXEngine</Filter>
    </ClCompile>
    <ClCompile Include="..\..\Sources\GXEngine\GXTexture2D.cpp">
      <Filter>Source Files\GXEngine</Filter>
    </ClCompile>
    <ClCompile Include="..\..\Sources\GXEngine\GXTextureCubeMap.cpp">
      <Filter>Source Files\GXEngine</Filter>
    </ClCompile>
    <ClCompile Include="..\..\Sources\GXEngine\GXEquirectangularToCubeMapMaterial.cpp">
      <Filter>Source Files\GXEngine</Filter>
    </ClCompile>
    <ClCompile Include="..\..\Sources\GXEngine_Editor_Mobile\EMEnvironment.cpp">
      <Filter>Source Files\GXEngine Editor Mobile</Filter>
    </ClCompile>
    <ClCompile Include="..\..\Sources\GXEngine_Editor_Mobile\EMEnvironmentMapMaterial.cpp">
      <Filter>Source Files\GXEngine Editor Mobile</Filter>
    </ClCompile>
    <ClCompile Include="..\..\Sources\GXEngine_Editor_Mobile\EMDiffuseIrradianceGeneratorMaterial.cpp">
      <Filter>Source Files\GXEngine Editor Mobile</Filter>
    </ClCompile>
    <ClCompile Include="..\..\Sources\GXEngine_Editor_Mobile\EMLightProbe.cpp">
      <Filter>Source Files\GXEngine Editor Mobile</Filter>
    </ClCompile>
    <ClCompile Include="..\..\Sources\GXEngine_Editor_Mobile\EMPrefilteredEnvironmentMapGeneratorMaterial.cpp">
      <Filter>Source Files\GXEngine Editor Mobile</Filter>
    </ClCompile>
    <ClCompile Include="..\..\Sources\GXEngine_Editor_Mobile\EMBRDFIntegratorMaterial.cpp">
      <Filter>Source Files\GXEngine Editor Mobile</Filter>
    </ClCompile>
    <ClCompile Include="..\..\Sources\GXEngine_Editor_Mobile\EMLightProbeMaterial.cpp">
      <Filter>Source Files\GXEngine Editor Mobile</Filter>
    </ClCompile>
    <ClCompile Include="..\..\Sources\GXEngine_Editor_Mobile\EMToneMapperMaterial.cpp">
      <Filter>Source Files\GXEngine Editor Mobile</Filter>
    </ClCompile>
    <ClCompile Include="..\..\Sources\GXEngine\GXTexture2DGammaCorrectorMaterial.cpp">
      <Filter>Source Files\GXEngine</Filter>
    </ClCompile>
    <ClCompile Include="..\..\Sources\GXEngine_Editor_Mobile\EMImportantAreaFilterMaterial.cpp">
      <Filter>Source Files\GXEngine Editor Mobile</Filter>
    </ClCompile>
    <ClCompile Include="..\..\Sources\GXEngine_Editor_Mobile\EMToneMapperLuminanceTripletReducerMaterial.cpp">
      <Filter>Source Files\GXEngine Editor Mobile</Filter>
    </ClCompile>
    <ClCompile Include="..\..\Sources\GXEngine_Editor_Mobile\EMUIToneMapperSettings.cpp">
      <Filter>Source Files\GXEngine Editor Mobile</Filter>
    </ClCompile>
    <ClCompile Include="..\..\Sources\GXEngine_Editor_Mobile\EMMeshActor.cpp">
      <Filter>Source Files\GXEngine Editor Mobile</Filter>
    </ClCompile>
    <ClCompile Include="..\..\Sources\GXEngine_Editor_Mobile\EMWireframeMaterial.cpp">
      <Filter>Source Files\GXEngine Editor Mobile</Filter>
    </ClCompile>
    <ClCompile Include="..\..\Sources\GXEngine\GXAnimationSolver.cpp">
      <Filter>Source Files\GXEngine</Filter>
    </ClCompile>
    <ClCompile Include="..\..\Sources\GXEngine\GXAnimationSolverPlayer.cpp">
      <Filter>Source Files\GXEngine</Filter>
    </ClCompile>
    <ClCompile Include="..\..\Sources\GXEngine\GXAnimationSolverMovement.cpp">
      <Filter>Source Files\GXEngine</Filter>
    </ClCompile>
    <ClCompile Include="..\..\Sources\GXCommon\GXNativeMesh.cpp">
      <Filter>Source Files\GXCommon</Filter>
    </ClCompile>
    <ClCompile Include="..\..\Sources\GXCommon\GXNativeSkin.cpp">
      <Filter>Source Files\GXCommon</Filter>
    </ClCompile>
    <ClCompile Include="..\..\Sources\GXPhysics\GXRectangleShape.cpp">
      <Filter>Source Files\GXPhysics</Filter>
    </ClCompile>
    <ClCompile Include="..\..\Sources\GXPhysics\GXConstraint.cpp">
      <Filter>Source Files\GXPhysics</Filter>
    </ClCompile>
    <ClCompile Include="..\..\Sources\GXPhysics\GXPairBodyConstraintSolver.cpp">
      <Filter>Source Files\GXPhysics</Filter>
    </ClCompile>
    <ClCompile Include="..\..\Sources\GXPhysics\GXSingleBodyConstraintSolver.cpp">
      <Filter>Source Files\GXPhysics</Filter>
    </ClCompile>
    <ClCompile Include="..\..\Sources\GXPhysics\GXContactFrictionlessConstraint.cpp">
      <Filter>Source Files\GXPhysics</Filter>
    </ClCompile>
    <ClCompile Include="..\..\Sources\GXPhysics\GXContactBitangentConstraint.cpp">
      <Filter>Source Files\GXPhysics</Filter>
    </ClCompile>
    <ClCompile Include="..\..\Sources\GXPhysics\GXContactTangentConstraint.cpp">
      <Filter>Source Files\GXPhysics</Filter>
    </ClCompile>
    <ClCompile Include="..\..\Sources\GXPhysics\GXForceGenerator.cpp">
      <Filter>Source Files\GXPhysics</Filter>
    </ClCompile>
    <ClCompile Include="..\..\Sources\GXPhysics\GXContactGenerator.cpp">
      <Filter>Source Files\GXPhysics</Filter>
    </ClCompile>
    <ClCompile Include="..\..\Sources\GXCommon\Windows\GXTime.cpp">
      <Filter>Source Files\GXCommon\Windows</Filter>
    </ClCompile>
    <ClCompile Include="..\..\Sources\GXEngine\GXSampler.cpp">
      <Filter>Source Files\GXEngine</Filter>
    </ClCompile>
    <ClCompile Include="..\..\Sources\GXCommon\GXAbstractSmartLock.cpp">
      <Filter>Source Files\GXCommon</Filter>
    </ClCompile>
    <ClCompile Include="..\..\Sources\GXCommon\Windows\GXSmartLock.cpp">
      <Filter>Source Files\GXCommon\Windows</Filter>
    </ClCompile>
    <ClCompile Include="..\..\Sources\GXCommon\GXAbstractUIntAtomic.cpp">
      <Filter>Source Files\GXCommon</Filter>
    </ClCompile>
    <ClCompile Include="..\..\Sources\GXCommon\Windows\GXUIntAtomic.cpp">
      <Filter>Source Files\GXCommon\Windows</Filter>
    </ClCompile>
    <ClCompile Include="..\..\Sources\GXCommon\Windows\GXMemoryInspector.cpp">
      <Filter>Source Files\GXCommon\Windows</Filter>
    </ClCompile>
    <ClCompile Include="..\..\Sources\GXCommon\Windows\GXUPointerAtomic.cpp">
      <Filter>Source Files\GXCommon\Windows</Filter>
    </ClCompile>
    <ClCompile Include="..\..\Sources\GXCommon\GXAbstractUPointerAtomic.cpp">
      <Filter>Source Files\GXCommon</Filter>
    </ClCompile>
    <ClCompile Include="..\..\Sources\GXCommon\Windows\GXLogger.cpp">
      <Filter>Source Files\GXCommon\Windows</Filter>
    </ClCompile>
    <ClCompile Include="..\..\Sources\GXCommon\Windows\GXString.cpp">
      <Filter>Source Files\GXCommon\Windows</Filter>
    </ClCompile>
    <ClCompile Include="..\..\Sources\GXCommon\Windows\GXFile.cpp">
      <Filter>Source Files\GXCommon\Windows</Filter>
    </ClCompile>
  </ItemGroup>
  <ItemGroup>
    <ClInclude Include="..\..\Include\GXCommon\GXBKEStructs.h">
      <Filter>Header Files\GXCommon</Filter>
    </ClInclude>
    <ClInclude Include="..\..\Include\GXCommon\GXCFGLoader.h">
      <Filter>Header Files\GXCommon</Filter>
    </ClInclude>
    <ClInclude Include="..\..\Include\GXCommon\GXCFGSaver.h">
      <Filter>Header Files\GXCommon</Filter>
    </ClInclude>
    <ClInclude Include="..\..\Include\GXCommon\GXCFGStruct.h">
      <Filter>Header Files\GXCommon</Filter>
    </ClInclude>
    <ClInclude Include="..\..\Include\GXCommon\GXFileSystem.h">
      <Filter>Header Files\GXCommon</Filter>
    </ClInclude>
    <ClInclude Include="..\..\Include\GXCommon\GXImageLoader.h">
      <Filter>Header Files\GXCommon</Filter>
    </ClInclude>
    <ClInclude Include="..\..\Include\GXCommon\GXLogger.h">
      <Filter>Header Files\GXCommon</Filter>
    </ClInclude>
    <ClInclude Include="..\..\Include\GXCommon\GXMath.h">
      <Filter>Header Files\GXCommon</Filter>
    </ClInclude>
    <ClInclude Include="..\..\Include\GXCommon\GXMemory.h">
      <Filter>Header Files\GXCommon</Filter>
    </ClInclude>
    <ClInclude Include="..\..\Include\GXCommon\GXMutex.h">
      <Filter>Header Files\GXCommon</Filter>
    </ClInclude>
    <ClInclude Include="..\..\Include\GXCommon\GXNativeSkeletalMesh.h">
      <Filter>Header Files\GXCommon</Filter>
    </ClInclude>
    <ClInclude Include="..\..\Include\GXCommon\GXNativeStaticMeshLoader.h">
      <Filter>Header Files\GXCommon</Filter>
    </ClInclude>
    <ClInclude Include="..\..\Include\GXCommon\GXNativeStaticMeshSaver.h">
      <Filter>Header Files\GXCommon</Filter>
    </ClInclude>
    <ClInclude Include="..\..\Include\GXCommon\GXNativeStaticMeshStructs.h">
      <Filter>Header Files\GXCommon</Filter>
    </ClInclude>
    <ClInclude Include="..\..\Include\GXCommon\GXOBJLoader.h">
      <Filter>Header Files\GXCommon</Filter>
    </ClInclude>
    <ClInclude Include="..\..\Include\GXCommon\GXPHGStructs.h">
      <Filter>Header Files\GXCommon</Filter>
    </ClInclude>
    <ClInclude Include="..\..\Include\GXCommon\GXSCNStructs.h">
      <Filter>Header Files\GXCommon</Filter>
    </ClInclude>
    <ClInclude Include="..\..\Include\GXCommon\GXSTGStructs.h">
      <Filter>Header Files\GXCommon</Filter>
    </ClInclude>
    <ClInclude Include="..\..\Include\GXCommon\GXStrings.h">
      <Filter>Header Files\GXCommon</Filter>
    </ClInclude>
    <ClInclude Include="..\..\Include\GXCommon\GXTime.h">
      <Filter>Header Files\GXCommon</Filter>
    </ClInclude>
    <ClInclude Include="..\..\Include\GXCommon\GXTypes.h">
      <Filter>Header Files\GXCommon</Filter>
    </ClInclude>
    <ClInclude Include="..\..\Include\GXCommon\GXAVLTree.h">
      <Filter>Header Files\GXCommon</Filter>
    </ClInclude>
    <ClInclude Include="..\..\Include\GXCommon\GXBKELoader.h">
      <Filter>Header Files\GXCommon</Filter>
    </ClInclude>
    <ClInclude Include="..\..\Include\GXCommon\GXBKESaver.h">
      <Filter>Header Files\GXCommon</Filter>
    </ClInclude>
    <ClInclude Include="..\..\Include\GXEngineDLL\GXEngineAPI.h">
      <Filter>Header Files\GXEngineDLL</Filter>
    </ClInclude>
    <ClInclude Include="..\..\Include\GXEngineDLL\GXEngineDLL.h">
      <Filter>Header Files\GXEngineDLL</Filter>
    </ClInclude>
    <ClInclude Include="..\..\Include\GXEngineDLL\GXFreeType.h">
      <Filter>Header Files\GXEngineDLL</Filter>
    </ClInclude>
    <ClInclude Include="..\..\Include\GXEngineDLL\GXOGGVorbis.h">
      <Filter>Header Files\GXEngineDLL</Filter>
    </ClInclude>
    <ClInclude Include="..\..\Include\GXEngineDLL\GXOpenAL.h">
      <Filter>Header Files\GXEngineDLL</Filter>
    </ClInclude>
    <ClInclude Include="..\..\Include\GXEngineDLL\GXXInput.h">
      <Filter>Header Files\GXEngineDLL</Filter>
    </ClInclude>
    <ClInclude Include="..\..\Include\GXEngine_Editor_Mobile\EMActor.h">
      <Filter>Header Files\GXEngine Editor Mobile</Filter>
    </ClInclude>
    <ClInclude Include="..\..\Include\GXEngine_Editor_Mobile\EMDirectedLightActor.h">
      <Filter>Header Files\GXEngine Editor Mobile</Filter>
    </ClInclude>
    <ClInclude Include="..\..\Include\GXEngine_Editor_Mobile\EMLight.h">
      <Filter>Header Files\GXEngine Editor Mobile</Filter>
    </ClInclude>
    <ClInclude Include="..\..\Include\GXEngine_Editor_Mobile\EMMoveTool.h">
      <Filter>Header Files\GXEngine Editor Mobile</Filter>
    </ClInclude>
    <ClInclude Include="..\..\Include\GXEngine_Editor_Mobile\EMRenderer.h">
      <Filter>Header Files\GXEngine Editor Mobile</Filter>
    </ClInclude>
    <ClInclude Include="..\..\Include\GXEngine_Editor_Mobile\EMRotateGismo.h">
      <Filter>Header Files\GXEngine Editor Mobile</Filter>
    </ClInclude>
    <ClInclude Include="..\..\Include\GXEngine_Editor_Mobile\EMScaleGismo.h">
      <Filter>Header Files\GXEngine Editor Mobile</Filter>
    </ClInclude>
    <ClInclude Include="..\..\Include\GXEngine_Editor_Mobile\EMTool.h">
      <Filter>Header Files\GXEngine Editor Mobile</Filter>
    </ClInclude>
    <ClInclude Include="..\..\Include\GXEngine_Editor_Mobile\EMUI.h">
      <Filter>Header Files\GXEngine Editor Mobile</Filter>
    </ClInclude>
    <ClInclude Include="..\..\Include\GXEngine_Editor_Mobile\EMUIButton.h">
      <Filter>Header Files\GXEngine Editor Mobile</Filter>
    </ClInclude>
    <ClInclude Include="..\..\Include\GXEngine_Editor_Mobile\EMUnitActor.h">
      <Filter>Header Files\GXEngine Editor Mobile</Filter>
    </ClInclude>
    <ClInclude Include="..\..\Include\GXEngine_Editor_Mobile\EMViewer.h">
      <Filter>Header Files\GXEngine Editor Mobile</Filter>
    </ClInclude>
    <ClInclude Include="..\..\Include\GXEngine\GXDrawable.h">
      <Filter>Header Files\GXEngine</Filter>
    </ClInclude>
    <ClInclude Include="..\..\Include\GXEngine\GXEngineSettings.h">
      <Filter>Header Files\GXEngine</Filter>
    </ClInclude>
    <ClInclude Include="..\..\Include\GXEngine\GXFont.h">
      <Filter>Header Files\GXEngine</Filter>
    </ClInclude>
    <ClInclude Include="..\..\Include\GXEngine\GXHudSurface.h">
      <Filter>Header Files\GXEngine</Filter>
    </ClInclude>
    <ClInclude Include="..\..\Include\GXEngine\GXInput.h">
      <Filter>Header Files\GXEngine</Filter>
    </ClInclude>
    <ClInclude Include="..\..\Include\GXEngine\GXLocale.h">
      <Filter>Header Files\GXEngine</Filter>
    </ClInclude>
    <ClInclude Include="..\..\Include\GXEngine\GXNetwork.h">
      <Filter>Header Files\GXEngine</Filter>
    </ClInclude>
    <ClInclude Include="..\..\Include\GXEngine\GXOGGSoundProvider.h">
      <Filter>Header Files\GXEngine</Filter>
    </ClInclude>
    <ClInclude Include="..\..\Include\GXEngine\GXOpenGL.h">
      <Filter>Header Files\GXEngine</Filter>
    </ClInclude>
    <ClInclude Include="..\..\Include\GXEngine\GXRenderer.h">
      <Filter>Header Files\GXEngine</Filter>
    </ClInclude>
    <ClInclude Include="..\..\Include\GXEngine\GXResource.h">
      <Filter>Header Files\GXEngine</Filter>
    </ClInclude>
    <ClInclude Include="..\..\Include\GXEngine\GXSound.h">
      <Filter>Header Files\GXEngine</Filter>
    </ClInclude>
    <ClInclude Include="..\..\Include\GXEngine\GXSoundChannel.h">
      <Filter>Header Files\GXEngine</Filter>
    </ClInclude>
    <ClInclude Include="..\..\Include\GXEngine\GXSoundEmitter.h">
      <Filter>Header Files\GXEngine</Filter>
    </ClInclude>
    <ClInclude Include="..\..\Include\GXEngine\GXSoundMixer.h">
      <Filter>Header Files\GXEngine</Filter>
    </ClInclude>
    <ClInclude Include="..\..\Include\GXEngine\GXSoundProvider.h">
      <Filter>Header Files\GXEngine</Filter>
    </ClInclude>
    <ClInclude Include="..\..\Include\GXEngine\GXSoundStorage.h">
      <Filter>Header Files\GXEngine</Filter>
    </ClInclude>
    <ClInclude Include="..\..\Include\GXEngine\GXCamera.h">
      <Filter>Header Files\GXEngine</Filter>
    </ClInclude>
    <ClInclude Include="..\..\Include\GXEngine\GXCameraOrthographic.h">
      <Filter>Header Files\GXEngine</Filter>
    </ClInclude>
    <ClInclude Include="..\..\Include\GXEngine\GXCameraPerspective.h">
      <Filter>Header Files\GXEngine</Filter>
    </ClInclude>
    <ClInclude Include="..\..\Include\GXEngine\GXCore.h">
      <Filter>Header Files\GXEngine</Filter>
    </ClInclude>
    <ClInclude Include="..\..\Include\GXEngine_Editor_Mobile\EMUIDraggableArea.h">
      <Filter>Header Files\GXEngine Editor Mobile</Filter>
    </ClInclude>
    <ClInclude Include="..\..\Include\GXEngine\GXTouchSurface.h">
      <Filter>Header Files\GXEngine</Filter>
    </ClInclude>
    <ClInclude Include="..\..\Include\GXEngine\GXUIMessage.h">
      <Filter>Header Files\GXEngine</Filter>
    </ClInclude>
    <ClInclude Include="..\..\Include\GXEngine\GXWidget.h">
      <Filter>Header Files\GXEngine</Filter>
    </ClInclude>
    <ClInclude Include="..\..\Include\GXEngine\GXUIButton.h">
      <Filter>Header Files\GXEngine</Filter>
    </ClInclude>
    <ClInclude Include="..\..\Include\GXEngine\GXUICommon.h">
      <Filter>Header Files\GXEngine</Filter>
    </ClInclude>
    <ClInclude Include="..\..\Include\GXEngine\GXUIDraggableArea.h">
      <Filter>Header Files\GXEngine</Filter>
    </ClInclude>
    <ClInclude Include="..\..\Include\GXEngine_Editor_Mobile\EMUIOpenFile.h">
      <Filter>Header Files\GXEngine Editor Mobile</Filter>
    </ClInclude>
    <ClInclude Include="..\..\Include\GXEngine\GXUIStaticText.h">
      <Filter>Header Files\GXEngine</Filter>
    </ClInclude>
    <ClInclude Include="..\..\Include\GXEngine_Editor_Mobile\EMUIStaticText.h">
      <Filter>Header Files\GXEngine Editor Mobile</Filter>
    </ClInclude>
    <ClInclude Include="..\..\Include\GXEngine_Editor_Mobile\EMUISeparator.h">
      <Filter>Header Files\GXEngine Editor Mobile</Filter>
    </ClInclude>
    <ClInclude Include="..\..\Include\GXEngine\GXUIListBox.h">
      <Filter>Header Files\GXEngine</Filter>
    </ClInclude>
    <ClInclude Include="..\..\Include\GXEngine_Editor_Mobile\EMUIFileListBox.h">
      <Filter>Header Files\GXEngine Editor Mobile</Filter>
    </ClInclude>
    <ClInclude Include="..\..\Include\GXEngine\GXUIEditBox.h">
      <Filter>Header Files\GXEngine</Filter>
    </ClInclude>
    <ClInclude Include="..\..\Include\GXEngine_Editor_Mobile\EMUIEditBox.h">
      <Filter>Header Files\GXEngine Editor Mobile</Filter>
    </ClInclude>
    <ClInclude Include="..\..\Include\GXEngine\GXUIInput.h">
      <Filter>Header Files\GXEngine</Filter>
    </ClInclude>
    <ClInclude Include="..\..\Include\GXEngine\GXPhysXFrontend.h">
      <Filter>Header Files\GXEngine</Filter>
    </ClInclude>
    <ClInclude Include="..\..\Include\GXEngine\GXUIPopup.h">
      <Filter>Header Files\GXEngine</Filter>
    </ClInclude>
    <ClInclude Include="..\..\Include\GXEngine_Editor_Mobile\EMUIPopup.h">
      <Filter>Header Files\GXEngine Editor Mobile</Filter>
    </ClInclude>
    <ClInclude Include="..\..\Include\GXEngine\GXUIMenu.h">
      <Filter>Header Files\GXEngine</Filter>
    </ClInclude>
    <ClInclude Include="..\..\Include\GXEngine_Editor_Mobile\EMUIMenu.h">
      <Filter>Header Files\GXEngine Editor Mobile</Filter>
    </ClInclude>
    <ClInclude Include="..\..\Include\GXPhysics\GXPhysicsEngine.h">
      <Filter>Header Files\GXPhysics</Filter>
    </ClInclude>
    <ClInclude Include="..\..\Include\GXPhysics\GXRigidBody.h">
      <Filter>Header Files\GXPhysics</Filter>
    </ClInclude>
    <ClInclude Include="..\..\Include\GXPhysics\GXForceGenerator.h">
      <Filter>Header Files\GXPhysics</Filter>
    </ClInclude>
    <ClInclude Include="..\..\Include\GXPhysics\GXGravity.h">
      <Filter>Header Files\GXPhysics</Filter>
    </ClInclude>
    <ClInclude Include="..\..\Include\GXPhysics\GXSpring.h">
      <Filter>Header Files\GXPhysics</Filter>
    </ClInclude>
    <ClInclude Include="..\..\Include\GXPhysics\GXTorqueGenerator.h">
      <Filter>Header Files\GXPhysics</Filter>
    </ClInclude>
    <ClInclude Include="..\..\Include\GXPhysics\GXWorld.h">
      <Filter>Header Files\GXPhysics</Filter>
    </ClInclude>
    <ClInclude Include="..\..\Include\GXPhysics\GXContact.h">
      <Filter>Header Files\GXPhysics</Filter>
    </ClInclude>
    <ClInclude Include="..\..\Include\GXPhysics\GXCollisionData.h">
      <Filter>Header Files\GXPhysics</Filter>
    </ClInclude>
    <ClInclude Include="..\..\Include\GXPhysics\GXShape.h">
      <Filter>Header Files\GXPhysics</Filter>
    </ClInclude>
    <ClInclude Include="..\..\Include\GXPhysics\GXSphereShape.h">
      <Filter>Header Files\GXPhysics</Filter>
    </ClInclude>
    <ClInclude Include="..\..\Include\GXPhysics\GXCollisionDetector.h">
      <Filter>Header Files\GXPhysics</Filter>
    </ClInclude>
    <ClInclude Include="..\..\Include\GXPhysics\GXBoxShape.h">
      <Filter>Header Files\GXPhysics</Filter>
    </ClInclude>
    <ClInclude Include="..\..\Include\GXPhysics\GXContactResolver.h">
      <Filter>Header Files\GXPhysics</Filter>
    </ClInclude>
    <ClInclude Include="..\..\Include\GXEngine_Editor_Mobile\EMPhysicsDrivenActor.h">
      <Filter>Header Files\GXEngine Editor Mobile</Filter>
    </ClInclude>
    <ClInclude Include="..\..\Include\GXEngine\GXTextureDuplicator.h">
      <Filter>Header Files\GXEngine</Filter>
    </ClInclude>
    <ClInclude Include="..\..\Include\GXEngine\GXShaderProgram.h">
      <Filter>Header Files\GXEngine</Filter>
    </ClInclude>
    <ClInclude Include="..\..\Include\GXEngine\GXMeshGeometry.h">
      <Filter>Header Files\GXEngine</Filter>
    </ClInclude>
    <ClInclude Include="..\..\Include\GXEngine\GXMaterial.h">
      <Filter>Header Files\GXEngine</Filter>
    </ClInclude>
    <ClInclude Include="..\..\Include\GXEngine\GXUnlitColorMaterial.h">
      <Filter>Header Files\GXEngine</Filter>
    </ClInclude>
    <ClInclude Include="..\..\Include\GXEngine\GXUnlitTexture2DMaterial.h">
      <Filter>Header Files\GXEngine</Filter>
    </ClInclude>
    <ClInclude Include="..\..\Include\GXEngine\GXUnlitColorMaskMaterial.h">
      <Filter>Header Files\GXEngine</Filter>
    </ClInclude>
    <ClInclude Include="..\..\Include\GXEngine_Editor_Mobile\EMObjectMaskMaterial.h">
      <Filter>Header Files\GXEngine Editor Mobile</Filter>
    </ClInclude>
    <ClInclude Include="..\..\Include\GXEngine_Editor_Mobile\EMMesh.h">
      <Filter>Header Files\GXEngine Editor Mobile</Filter>
    </ClInclude>
    <ClInclude Include="..\..\Include\GXEngine\GXTransform.h">
      <Filter>Header Files\GXEngine</Filter>
    </ClInclude>
    <ClInclude Include="..\..\Include\GXEngine\GXRenderable.h">
      <Filter>Header Files\GXEngine</Filter>
    </ClInclude>
    <ClInclude Include="..\..\Include\GXEngine\GXGame.h">
      <Filter>Header Files\GXEngine</Filter>
    </ClInclude>
    <ClInclude Include="..\..\Include\GXEngine_Editor_Mobile\EMGame.h">
      <Filter>Header Files\GXEngine Editor Mobile</Filter>
    </ClInclude>
    <ClInclude Include="..\..\Include\GXEngine\GXSkeleton.h">
      <Filter>Header Files\GXEngine</Filter>
    </ClInclude>
    <ClInclude Include="..\..\Include\GXEngine\GXSkinningMaterial.h">
      <Filter>Header Files\GXEngine</Filter>
    </ClInclude>
    <ClInclude Include="..\..\Include\GXEngine_Editor_Mobile\EMMotionBlurMaterial.h">
      <Filter>Header Files\GXEngine Editor Mobile</Filter>
    </ClInclude>
    <ClInclude Include="..\..\Include\GXEngine_Editor_Mobile\EMFluttershy.h">
      <Filter>Header Files\GXEngine Editor Mobile</Filter>
    </ClInclude>
    <ClInclude Include="..\..\Include\GXEngine_Editor_Mobile\EMVelocityTileMaxMaterial.h">
      <Filter>Header Files\GXEngine Editor Mobile</Filter>
    </ClInclude>
    <ClInclude Include="..\..\Include\GXEngine_Editor_Mobile\EMVelocityNeighborMaxMaterial.h">
      <Filter>Header Files\GXEngine Editor Mobile</Filter>
    </ClInclude>
    <ClInclude Include="..\..\Include\GXEngine_Editor_Mobile\EMUIFPSCounter.h">
      <Filter>Header Files\GXEngine Editor Mobile</Filter>
    </ClInclude>
    <ClInclude Include="..\..\Include\GXEngine_Editor_Mobile\EMUIMotionBlurSettings.h">
      <Filter>Header Files\GXEngine Editor Mobile</Filter>
    </ClInclude>
    <ClInclude Include="..\..\Include\GXEngine_Editor_Mobile\EMSSAOSharpMaterial.h">
      <Filter>Header Files\GXEngine Editor Mobile</Filter>
    </ClInclude>
    <ClInclude Include="..\..\Include\GXEngine_Editor_Mobile\EMGaussHorizontalBlurMaterial.h">
      <Filter>Header Files\GXEngine Editor Mobile</Filter>
    </ClInclude>
    <ClInclude Include="..\..\Include\GXEngine_Editor_Mobile\EMGaussVerticalBlurMaterial.h">
      <Filter>Header Files\GXEngine Editor Mobile</Filter>
    </ClInclude>
    <ClInclude Include="..\..\Include\GXEngine_Editor_Mobile\EMSSAOApplyMaterial.h">
      <Filter>Header Files\GXEngine Editor Mobile</Filter>
    </ClInclude>
    <ClInclude Include="..\..\Include\GXEngine_Editor_Mobile\EMUISSAOSettings.h">
      <Filter>Header Files\GXEngine Editor Mobile</Filter>
    </ClInclude>
    <ClInclude Include="..\..\Include\GXEngine_Editor_Mobile\EMCookTorranceCommonPassMaterial.h">
      <Filter>Header Files\GXEngine Editor Mobile</Filter>
    </ClInclude>
    <ClInclude Include="..\..\Include\GXEngine_Editor_Mobile\EMCookTorranceDirectedLightMaterial.h">
      <Filter>Header Files\GXEngine Editor Mobile</Filter>
    </ClInclude>
    <ClInclude Include="..\..\Include\GXCommon\Windows\GXMutex.h">
      <Filter>Header Files\GXCommon\Windows</Filter>
    </ClInclude>
    <ClInclude Include="..\..\Include\GXCommon\Windows\GXTypes.h">
      <Filter>Header Files\GXCommon\Windows</Filter>
    </ClInclude>
    <ClInclude Include="..\..\Include\GXCommon\GXThread.h">
      <Filter>Header Files\GXCommon</Filter>
    </ClInclude>
    <ClInclude Include="..\..\Include\GXCommon\Windows\GXThread.h">
      <Filter>Header Files\GXCommon\Windows</Filter>
    </ClInclude>
    <ClInclude Include="..\..\Include\GXEngine_Editor_Mobile\EMUIColorPicker.h">
      <Filter>Header Files\GXEngine Editor Mobile</Filter>
    </ClInclude>
    <ClInclude Include="..\..\Include\GXEngine_Editor_Mobile\EMCheckerGeneratorMaterial.h">
      <Filter>Header Files\GXEngine Editor Mobile</Filter>
    </ClInclude>
    <ClInclude Include="..\..\Include\GXEngine_Editor_Mobile\EMHueCircleGeneratorMaterial.h">
      <Filter>Header Files\GXEngine Editor Mobile</Filter>
    </ClInclude>
    <ClInclude Include="..\..\Include\GXEngine_Editor_Mobile\EMVertexColorMaterial.h">
      <Filter>Header Files\GXEngine Editor Mobile</Filter>
    </ClInclude>
    <ClInclude Include="..\..\Include\GXEngine\GXTextValidator.h">
      <Filter>Header Files\GXEngine</Filter>
    </ClInclude>
    <ClInclude Include="..\..\Include\GXEngine\GXUIEditBoxFloatValidator.h">
      <Filter>Header Files\GXEngine</Filter>
    </ClInclude>
    <ClInclude Include="..\..\Include\GXEngine\GXUIEditBoxIntegerValidator.h">
      <Filter>Header Files\GXEngine</Filter>
    </ClInclude>
    <ClInclude Include="..\..\Include\GXEngine\GXSplashScreen.h">
      <Filter>Header Files\GXEngine</Filter>
    </ClInclude>
    <ClInclude Include="..\..\Include\GXEngine\GXTexture2D.h">
      <Filter>Header Files\GXEngine</Filter>
    </ClInclude>
    <ClInclude Include="..\..\Include\GXEngine\GXTextureCubeMap.h">
      <Filter>Header Files\GXEngine</Filter>
    </ClInclude>
    <ClInclude Include="..\..\Include\GXEngine\GXEquirectangularToCubeMapMaterial.h">
      <Filter>Header Files\GXEngine</Filter>
    </ClInclude>
    <ClInclude Include="..\..\Include\GXEngine_Editor_Mobile\EMEnvironment.h">
      <Filter>Header Files\GXEngine Editor Mobile</Filter>
    </ClInclude>
    <ClInclude Include="..\..\Include\GXEngine_Editor_Mobile\EMEnvironmentMapMaterial.h">
      <Filter>Header Files\GXEngine Editor Mobile</Filter>
    </ClInclude>
    <ClInclude Include="..\..\Include\GXEngine_Editor_Mobile\EMDiffuseIrradianceGeneratorMaterial.h">
      <Filter>Header Files\GXEngine Editor Mobile</Filter>
    </ClInclude>
    <ClInclude Include="..\..\Include\GXEngine_Editor_Mobile\EMLightProbe.h">
      <Filter>Header Files\GXEngine Editor Mobile</Filter>
    </ClInclude>
    <ClInclude Include="..\..\Include\GXEngine_Editor_Mobile\EMPrefilteredEnvironmentMapGeneratorMaterial.h">
      <Filter>Header Files\GXEngine Editor Mobile</Filter>
    </ClInclude>
    <ClInclude Include="..\..\Include\GXEngine_Editor_Mobile\EMBRDFIntegratorMaterial.h">
      <Filter>Header Files\GXEngine Editor Mobile</Filter>
    </ClInclude>
    <ClInclude Include="..\..\Include\GXEngine_Editor_Mobile\EMLightProbeMaterial.h">
      <Filter>Header Files\GXEngine Editor Mobile</Filter>
    </ClInclude>
    <ClInclude Include="..\..\Include\GXEngine_Editor_Mobile\EMToneMapperMaterial.h">
      <Filter>Header Files\GXEngine Editor Mobile</Filter>
    </ClInclude>
    <ClInclude Include="..\..\Include\GXEngine\GXTexture2DGammaCorrectorMaterial.h">
      <Filter>Header Files\GXEngine</Filter>
    </ClInclude>
    <ClInclude Include="..\..\Include\GXEngine_Editor_Mobile\EMImportantAreaFilterMaterial.h">
      <Filter>Header Files\GXEngine Editor Mobile</Filter>
    </ClInclude>
    <ClInclude Include="..\..\Include\GXEngine_Editor_Mobile\EMToneMapperLuminanceTripletReducerMaterial.h">
      <Filter>Header Files\GXEngine Editor Mobile</Filter>
    </ClInclude>
    <ClInclude Include="..\..\Include\GXEngine_Editor_Mobile\EMUIToneMapperSettings.h">
      <Filter>Header Files\GXEngine Editor Mobile</Filter>
    </ClInclude>
    <ClInclude Include="..\..\Include\GXEngine_Editor_Mobile\EMMeshActor.h">
      <Filter>Header Files\GXEngine Editor Mobile</Filter>
    </ClInclude>
    <ClInclude Include="..\..\Include\GXPhysics\GXContactGenerator.h">
      <Filter>Header Files\GXPhysics</Filter>
    </ClInclude>
    <ClInclude Include="..\..\Include\GXEngine_Editor_Mobile\EMWireframeMaterial.h">
      <Filter>Header Files\GXEngine Editor Mobile</Filter>
    </ClInclude>
    <ClInclude Include="..\..\Include\GXCommon\GXRestoreWarnings.h">
      <Filter>Header Files\GXCommon</Filter>
    </ClInclude>
    <ClInclude Include="..\..\Include\GXEngine\GXAnimationSolver.h">
      <Filter>Header Files\GXEngine</Filter>
    </ClInclude>
    <ClInclude Include="..\..\Include\GXEngine\GXAnimationSolverPlayer.h">
      <Filter>Header Files\GXEngine</Filter>
    </ClInclude>
    <ClInclude Include="..\..\Include\GXEngine\GXAnimationSolverMovement.h">
      <Filter>Header Files\GXEngine</Filter>
    </ClInclude>
    <ClInclude Include="..\..\Include\GXPhysics\GXRectangleShape.h">
      <Filter>Header Files\GXPhysics</Filter>
    </ClInclude>
    <ClInclude Include="..\..\Include\GXPhysics\GXConstraint.h">
      <Filter>Header Files\GXPhysics</Filter>
    </ClInclude>
    <ClInclude Include="..\..\Include\GXPhysics\GXPairBodyConstraintSolver.h">
      <Filter>Header Files\GXPhysics</Filter>
    </ClInclude>
    <ClInclude Include="..\..\Include\GXPhysics\GXSingleBodyConstraintSolver.h">
      <Filter>Header Files\GXPhysics</Filter>
    </ClInclude>
    <ClInclude Include="..\..\Include\GXPhysics\GXContactFrictionlessConstraint.h">
      <Filter>Header Files\GXPhysics</Filter>
    </ClInclude>
    <ClInclude Include="..\..\Include\GXPhysics\GXContactTangentConstraint.h">
      <Filter>Header Files\GXPhysics</Filter>
    </ClInclude>
    <ClInclude Include="..\..\Include\GXPhysics\GXContactBitangentConstraint.h">
      <Filter>Header Files\GXPhysics</Filter>
    </ClInclude>
    <ClInclude Include="..\..\Include\GXCommon\Windows\GXWarning.h">
      <Filter>Header Files\GXCommon\Windows</Filter>
    </ClInclude>
    <ClInclude Include="..\..\Include\GXCommon\GXWarning.h">
      <Filter>Header Files\GXCommon</Filter>
    </ClInclude>
    <ClInclude Include="..\..\Include\GXEngine\GXSampler.h">
      <Filter>Header Files\GXEngine</Filter>
    </ClInclude>
    <ClInclude Include="..\..\Include\GXCommon\Windows\GXSmartLock.h">
      <Filter>Header Files\GXCommon\Windows</Filter>
    </ClInclude>
    <ClInclude Include="..\..\Include\GXCommon\GXSmartLock.h">
      <Filter>Header Files\GXCommon</Filter>
    </ClInclude>
    <ClInclude Include="..\..\Include\GXCommon\GXUIntAtomic.h">
      <Filter>Header Files\GXCommon</Filter>
    </ClInclude>
    <ClInclude Include="..\..\Include\GXCommon\Windows\GXUIntAtomic.h">
      <Filter>Header Files\GXCommon\Windows</Filter>
    </ClInclude>
    <ClInclude Include="..\..\Include\GXCommon\GXUPointerAtomic.h">
      <Filter>Header Files\GXCommon</Filter>
    </ClInclude>
    <ClInclude Include="..\..\Include\GXCommon\Windows\GXUPointerAtomic.h">
      <Filter>Header Files\GXCommon\Windows</Filter>
    </ClInclude>
    <ClInclude Include="..\..\Include\GXCommon\GXFile.h">
      <Filter>Header Files\GXCommon</Filter>
    </ClInclude>
    <ClInclude Include="..\..\Include\GXCommon\GXNativeSkeleton.h">
      <Filter>Header Files\GXCommon</Filter>
    </ClInclude>
    <ClInclude Include="..\..\Include\GXCommon\GXNativeSkin.h">
      <Filter>Header Files\GXCommon</Filter>
    </ClInclude>
    <ClInclude Include="..\..\Include\GXEngine\GXVersion.h">
      <Filter>Header Files\GXEngine</Filter>
    </ClInclude>
  </ItemGroup>
  <ItemGroup>
    <Text Include="..\..\Shaders\Editor Mobile\Color_fs.txt">
      <Filter>Shaders\GXEngine Editor Mobile</Filter>
    </Text>
    <Text Include="..\..\Shaders\Editor Mobile\Mask_fs.txt">
      <Filter>Shaders\GXEngine Editor Mobile</Filter>
    </Text>
    <Text Include="..\..\Shaders\Editor Mobile\MaskAlphaTest_fs.txt">
      <Filter>Shaders\GXEngine Editor Mobile</Filter>
    </Text>
    <Text Include="..\..\Shaders\Editor Mobile\MaskVertexAndUV_vs.txt">
      <Filter>Shaders\GXEngine Editor Mobile</Filter>
    </Text>
    <Text Include="..\..\Shaders\Editor Mobile\MaskVertexOnly_vs.txt">
      <Filter>Shaders\GXEngine Editor Mobile</Filter>
    </Text>
    <Text Include="..\..\Shaders\Editor Mobile\Null_fs.txt">
      <Filter>Shaders\GXEngine Editor Mobile</Filter>
    </Text>
    <Text Include="..\..\Shaders\Editor Mobile\OneSampler_fs.txt">
      <Filter>Shaders\GXEngine Editor Mobile</Filter>
    </Text>
    <Text Include="..\..\Shaders\Editor Mobile\StaticMesh_fs.txt">
      <Filter>Shaders\GXEngine Editor Mobile</Filter>
    </Text>
    <Text Include="..\..\Shaders\Editor Mobile\StaticMesh_vs.txt">
      <Filter>Shaders\GXEngine Editor Mobile</Filter>
    </Text>
    <Text Include="..\..\Shaders\Editor Mobile\VertexOnly_vs.txt">
      <Filter>Shaders\GXEngine Editor Mobile</Filter>
    </Text>
    <Text Include="..\..\Shaders\System\ArrayTextureOuter_fs.txt">
      <Filter>Shaders\System</Filter>
    </Text>
    <Text Include="..\..\Shaders\System\ArrayTextureOuter_vs.txt">
      <Filter>Shaders\System</Filter>
    </Text>
    <Text Include="..\..\Shaders\System\ColorMask_fs.txt">
      <Filter>Shaders\System</Filter>
    </Text>
    <Text Include="..\..\Shaders\System\DOF_fs.txt">
      <Filter>Shaders\System</Filter>
    </Text>
    <Text Include="..\..\Shaders\System\DOF_vs.txt">
      <Filter>Shaders\System</Filter>
    </Text>
    <Text Include="..\..\Shaders\System\GaussDownsamplerX16_First_Pass_fs.txt">
      <Filter>Shaders\System</Filter>
    </Text>
    <Text Include="..\..\Shaders\System\GaussDownsamplerX16_First_Pass_vs.txt">
      <Filter>Shaders\System</Filter>
    </Text>
    <Text Include="..\..\Shaders\System\GaussDownsamplerX16_Second_Pass_fs.txt">
      <Filter>Shaders\System</Filter>
    </Text>
    <Text Include="..\..\Shaders\System\GaussDownsamplerX16_Second_Pass_vs.txt">
      <Filter>Shaders\System</Filter>
    </Text>
    <Text Include="..\..\Shaders\System\Glyph_fs.txt">
      <Filter>Shaders\System</Filter>
    </Text>
    <Text Include="..\..\Shaders\System\HudSurface_fs.txt">
      <Filter>Shaders\System</Filter>
    </Text>
    <Text Include="..\..\Shaders\System\HudSurface_vs.txt">
      <Filter>Shaders\System</Filter>
    </Text>
    <Text Include="..\..\Shaders\System\Line_fs.txt">
      <Filter>Shaders\System</Filter>
    </Text>
    <Text Include="..\..\Shaders\System\Line_vs.txt">
      <Filter>Shaders\System</Filter>
    </Text>
    <Text Include="..\..\Shaders\System\Particle_fs.txt">
      <Filter>Shaders\System</Filter>
    </Text>
    <Text Include="..\..\Shaders\System\Particle_vs.txt">
      <Filter>Shaders\System</Filter>
    </Text>
    <Text Include="..\..\Shaders\System\TextureOuter_fs.txt">
      <Filter>Shaders\System</Filter>
    </Text>
    <Text Include="..\..\Shaders\System\TextureOuter_vs.txt">
      <Filter>Shaders\System</Filter>
    </Text>
    <Text Include="..\..\Shaders\System\TextureWithColorAndAlphaTest_fs.txt">
      <Filter>Shaders\System</Filter>
    </Text>
    <Text Include="..\..\Shaders\System\UnlitTexture2D_fs.txt">
      <Filter>Shaders\System</Filter>
    </Text>
    <Text Include="..\..\Shaders\System\VertexAndUV_vs.txt">
      <Filter>Shaders\System</Filter>
    </Text>
    <Text Include="..\..\Shaders\System\VertexUVScaleOffset_vs.txt">
      <Filter>Shaders\System</Filter>
    </Text>
    <Text Include="..\..\Shaders\System\Skinning_vs.txt">
      <Filter>Shaders\System</Filter>
    </Text>
    <Text Include="..\..\Shaders\Editor Mobile\MotionBlur_fs.txt">
      <Filter>Shaders\GXEngine Editor Mobile</Filter>
    </Text>
    <Text Include="..\..\Shaders\Editor Mobile\VelocityTileMax_fs.txt">
      <Filter>Shaders\GXEngine Editor Mobile</Filter>
    </Text>
    <Text Include="..\..\Shaders\Editor Mobile\VelocityNeighborMax_fs.txt">
      <Filter>Shaders\GXEngine Editor Mobile</Filter>
    </Text>
    <Text Include="..\..\Shaders\Editor Mobile\GaussHorizontalBlurOneChannelFivePixelKernel_fs.txt">
      <Filter>Shaders\GXEngine Editor Mobile</Filter>
    </Text>
    <Text Include="..\..\Shaders\Editor Mobile\GaussVerticalBlurOneChannelFivePixelKernel_fs.txt">
      <Filter>Shaders\GXEngine Editor Mobile</Filter>
    </Text>
    <Text Include="..\..\Shaders\Editor Mobile\SSAOSharp_fs.txt">
      <Filter>Shaders\GXEngine Editor Mobile</Filter>
    </Text>
    <Text Include="..\..\Shaders\Editor Mobile\SSAOApply_fs.txt">
      <Filter>Shaders\GXEngine Editor Mobile</Filter>
    </Text>
    <Text Include="..\..\Shaders\Editor Mobile\CookTorranceCommonPass_fs.txt">
      <Filter>Shaders\GXEngine Editor Mobile</Filter>
    </Text>
    <Text Include="..\..\Shaders\Editor Mobile\CookTorranceCommonPass_vs.txt">
      <Filter>Shaders\GXEngine Editor Mobile</Filter>
    </Text>
    <Text Include="..\..\Shaders\Editor Mobile\CookTorranceDirectedLight_fs.txt">
      <Filter>Shaders\GXEngine Editor Mobile</Filter>
    </Text>
    <Text Include="..\..\Shaders\Editor Mobile\Checker_fs.txt">
      <Filter>Shaders\GXEngine Editor Mobile</Filter>
    </Text>
    <Text Include="..\..\Shaders\Editor Mobile\HueCircle_fs.txt">
      <Filter>Shaders\GXEngine Editor Mobile</Filter>
    </Text>
    <Text Include="..\..\Shaders\Editor Mobile\VertexColor_fs.txt">
      <Filter>Shaders\GXEngine Editor Mobile</Filter>
    </Text>
    <Text Include="..\..\Shaders\Editor Mobile\VertexColor_vs.txt">
      <Filter>Shaders\GXEngine Editor Mobile</Filter>
    </Text>
    <Text Include="..\..\Shaders\System\ScreenQuad_vs.txt">
      <Filter>Shaders\System</Filter>
    </Text>
    <Text Include="..\..\Shaders\Editor Mobile\EnvironmentMap_vs.txt">
      <Filter>Shaders\GXEngine Editor Mobile</Filter>
    </Text>
    <Text Include="..\..\Shaders\System\EquirectangularToCubeMap_fs.txt">
      <Filter>Shaders\System</Filter>
    </Text>
    <Text Include="..\..\Shaders\Editor Mobile\EnvironmentMap_fs.txt">
      <Filter>Shaders\GXEngine Editor Mobile</Filter>
    </Text>
    <Text Include="..\..\Shaders\System\VertexPass_vs.txt">
      <Filter>Shaders\System</Filter>
    </Text>
    <Text Include="..\..\Shaders\System\CubeMapSplitter_gs.txt">
      <Filter>Shaders\System</Filter>
    </Text>
    <Text Include="..\..\Shaders\Editor Mobile\DiffuseIrradianceGenerator_fs.txt">
      <Filter>Shaders\GXEngine Editor Mobile</Filter>
    </Text>
    <Text Include="..\..\Shaders\Editor Mobile\PrefilteredEnvironmentMap_fs.txt">
      <Filter>Shaders\GXEngine Editor Mobile</Filter>
    </Text>
    <Text Include="..\..\Shaders\Editor Mobile\BRDFIntegrator_fs.txt">
      <Filter>Shaders\GXEngine Editor Mobile</Filter>
    </Text>
    <Text Include="..\..\Shaders\Editor Mobile\LightProbe_fs.txt">
      <Filter>Shaders\GXEngine Editor Mobile</Filter>
    </Text>
    <Text Include="..\..\Shaders\Editor Mobile\ToneMapper_fs.txt">
      <Filter>Shaders\GXEngine Editor Mobile</Filter>
    </Text>
    <Text Include="..\..\Shaders\System\Texture2DGammaCorrector_fs.txt">
      <Filter>Shaders\System</Filter>
    </Text>
    <Text Include="..\..\Shaders\Editor Mobile\ImportantAreaFilter_fs.txt">
      <Filter>Shaders\GXEngine Editor Mobile</Filter>
    </Text>
    <Text Include="..\..\Shaders\Editor Mobile\LuminanceTripletReducer_fs.txt">
      <Filter>Shaders\GXEngine Editor Mobile</Filter>
    </Text>
    <Text Include="..\..\Shaders\System\TriangleToLines_gs.txt">
      <Filter>Shaders\System</Filter>
    </Text>
  </ItemGroup>
  <ItemGroup>
    <ResourceCompile Include="..\..\Sources\GXEngine\Windows\Main.rc">
      <Filter>Resource Files</Filter>
    </ResourceCompile>
  </ItemGroup>
</Project>