<?xml version="1.0" encoding="utf-8"?>
<Project ToolsVersion="4.0" xmlns="http://schemas.microsoft.com/developer/msbuild/2003">
  <ItemGroup>
    <Filter Include="Source Files">
      <UniqueIdentifier>{4FC737F1-C7A5-4376-A066-2A32D752A2FF}</UniqueIdentifier>
      <Extensions>cpp;c;cc;cxx;def;odl;idl;hpj;bat;asm;asmx</Extensions>
    </Filter>
    <Filter Include="Header Files">
      <UniqueIdentifier>{93995380-89BD-4b04-88EB-625FBE52EBFB}</UniqueIdentifier>
      <Extensions>h;hh;hpp;hxx;hm;inl;inc;xsd</Extensions>
    </Filter>
    <Filter Include="Resource Files">
      <UniqueIdentifier>{67DA6AB6-F800-4c08-8B7A-83BB121AAD01}</UniqueIdentifier>
      <Extensions>rc;ico;cur;bmp;dlg;rc2;rct;bin;rgs;gif;jpg;jpeg;jpe;resx;tiff;tif;png;wav;mfcribbon-ms</Extensions>
    </Filter>
    <Filter Include="Source Files\GXCommon">
      <UniqueIdentifier>{9bde1711-f12a-4d1a-8f97-3a17a0129bdd}</UniqueIdentifier>
    </Filter>
    <Filter Include="Source Files\GXEngine">
      <UniqueIdentifier>{86b7e2f6-f7b6-4777-b52e-f9b6530e2248}</UniqueIdentifier>
    </Filter>
    <Filter Include="Source Files\GXEngine Editor Mobile">
      <UniqueIdentifier>{2bb7a78d-761c-4876-9444-c0907b536eef}</UniqueIdentifier>
    </Filter>
    <Filter Include="Header Files\GXEngine Editor Mobile">
      <UniqueIdentifier>{5af612b5-f8dc-4b38-9ee3-43bda3f82856}</UniqueIdentifier>
    </Filter>
    <Filter Include="Header Files\GXCommon">
      <UniqueIdentifier>{b59cc967-61e6-4047-bd8c-aec129e07360}</UniqueIdentifier>
    </Filter>
    <Filter Include="Header Files\GXEngine">
      <UniqueIdentifier>{04d9a3e7-9ce1-448d-8f27-c6a4686a8ac0}</UniqueIdentifier>
    </Filter>
    <Filter Include="Header Files\GXEngineDLL">
      <UniqueIdentifier>{a8ba0700-e902-4c73-a66d-72eba8fdce9b}</UniqueIdentifier>
    </Filter>
    <Filter Include="Shaders">
      <UniqueIdentifier>{e2c435f9-c2a5-429a-b6c3-913e6e0205ea}</UniqueIdentifier>
    </Filter>
    <Filter Include="Shaders\System">
      <UniqueIdentifier>{11509994-940d-4784-a692-2943f39f5024}</UniqueIdentifier>
    </Filter>
    <Filter Include="Header Files\GXPhysics">
      <UniqueIdentifier>{73a3ae44-a28b-4ce2-b302-215215c3efee}</UniqueIdentifier>
    </Filter>
    <Filter Include="Source Files\GXPhysics">
      <UniqueIdentifier>{4f041a0b-6400-4a5d-945d-0d1f9573665f}</UniqueIdentifier>
    </Filter>
    <Filter Include="Shaders\GXEngine Editor Mobile">
      <UniqueIdentifier>{2c335632-ca9d-49af-89c3-4a023d177c17}</UniqueIdentifier>
    </Filter>
  </ItemGroup>
  <ItemGroup>
    <ClCompile Include="..\..\Sources\GXCommon\GXAVLTree.cpp">
      <Filter>Source Files\GXCommon</Filter>
    </ClCompile>
    <ClCompile Include="..\..\Sources\GXCommon\GXFileSystem.cpp">
      <Filter>Source Files\GXCommon</Filter>
    </ClCompile>
    <ClCompile Include="..\..\Sources\GXCommon\GXImageLoader.cpp">
      <Filter>Source Files\GXCommon</Filter>
    </ClCompile>
    <ClCompile Include="..\..\Sources\GXCommon\GXLogger.cpp">
      <Filter>Source Files\GXCommon</Filter>
    </ClCompile>
    <ClCompile Include="..\..\Sources\GXCommon\GXMath.cpp">
      <Filter>Source Files\GXCommon</Filter>
    </ClCompile>
    <ClCompile Include="..\..\Sources\GXCommon\GXMemory.cpp">
      <Filter>Source Files\GXCommon</Filter>
    </ClCompile>
    <ClCompile Include="..\..\Sources\GXCommon\GXMutex.cpp">
      <Filter>Source Files\GXCommon</Filter>
    </ClCompile>
    <ClCompile Include="..\..\Sources\GXCommon\GXNativeStaticMeshLoader.cpp">
      <Filter>Source Files\GXCommon</Filter>
    </ClCompile>
    <ClCompile Include="..\..\Sources\GXCommon\GXNativeStaticMeshSaver.cpp">
      <Filter>Source Files\GXCommon</Filter>
    </ClCompile>
    <ClCompile Include="..\..\Sources\GXCommon\GXStrings.cpp">
      <Filter>Source Files\GXCommon</Filter>
    </ClCompile>
    <ClCompile Include="..\..\Sources\GXCommon\GXThread.cpp">
      <Filter>Source Files\GXCommon</Filter>
    </ClCompile>
    <ClCompile Include="..\..\Sources\GXCommon\GXTime.cpp">
      <Filter>Source Files\GXCommon</Filter>
    </ClCompile>
    <ClCompile Include="..\..\Sources\GXEngine\GXSoundProvider.cpp">
      <Filter>Source Files\GXEngine</Filter>
    </ClCompile>
    <ClCompile Include="..\..\Sources\GXEngine\GXSoundStorage.cpp">
      <Filter>Source Files\GXEngine</Filter>
    </ClCompile>
    <ClCompile Include="..\..\Sources\GXEngine\GXAnimSolverMovement.cpp">
      <Filter>Source Files\GXEngine</Filter>
    </ClCompile>
    <ClCompile Include="..\..\Sources\GXEngine\GXAnimSolverPlayer.cpp">
      <Filter>Source Files\GXEngine</Filter>
    </ClCompile>
    <ClCompile Include="..\..\Sources\GXEngine\GXCamera.cpp">
      <Filter>Source Files\GXEngine</Filter>
    </ClCompile>
    <ClCompile Include="..\..\Sources\GXEngine\GXCameraman.cpp">
      <Filter>Source Files\GXEngine</Filter>
    </ClCompile>
    <ClCompile Include="..\..\Sources\GXEngine\GXCameraOrthographic.cpp">
      <Filter>Source Files\GXEngine</Filter>
    </ClCompile>
    <ClCompile Include="..\..\Sources\GXEngine\GXCameraPerspective.cpp">
      <Filter>Source Files\GXEngine</Filter>
    </ClCompile>
    <ClCompile Include="..\..\Sources\GXEngine\GXCore.cpp">
      <Filter>Source Files\GXEngine</Filter>
    </ClCompile>
    <ClCompile Include="..\..\Sources\GXEngine\GXInput.cpp">
      <Filter>Source Files\GXEngine</Filter>
    </ClCompile>
    <ClCompile Include="..\..\Sources\GXEngine\GXLocale.cpp">
      <Filter>Source Files\GXEngine</Filter>
    </ClCompile>
    <ClCompile Include="..\..\Sources\GXEngine\GXNetwork.cpp">
      <Filter>Source Files\GXEngine</Filter>
    </ClCompile>
    <ClCompile Include="..\..\Sources\GXEngine\GXOGGSoundProvider.cpp">
      <Filter>Source Files\GXEngine</Filter>
    </ClCompile>
    <ClCompile Include="..\..\Sources\GXEngine\GXOpenGL.cpp">
      <Filter>Source Files\GXEngine</Filter>
    </ClCompile>
    <ClCompile Include="..\..\Sources\GXEngine\GXRenderer.cpp">
      <Filter>Source Files\GXEngine</Filter>
    </ClCompile>
    <ClCompile Include="..\..\Sources\GXEngine\GXSamplerUtils.cpp">
      <Filter>Source Files\GXEngine</Filter>
    </ClCompile>
    <ClCompile Include="..\..\Sources\GXEngine\GXSound.cpp">
      <Filter>Source Files\GXEngine</Filter>
    </ClCompile>
    <ClCompile Include="..\..\Sources\GXEngine\GXSoundChannel.cpp">
      <Filter>Source Files\GXEngine</Filter>
    </ClCompile>
    <ClCompile Include="..\..\Sources\GXEngine\GXSoundEmitter.cpp">
      <Filter>Source Files\GXEngine</Filter>
    </ClCompile>
    <ClCompile Include="..\..\Sources\GXEngine\GXSoundMixer.cpp">
      <Filter>Source Files\GXEngine</Filter>
    </ClCompile>
    <ClCompile Include="..\..\Sources\GXEngine Editor Mobile\EMActor.cpp">
      <Filter>Source Files\GXEngine Editor Mobile</Filter>
    </ClCompile>
    <ClCompile Include="..\..\Sources\GXEngine Editor Mobile\EMDirectedLightActor.cpp">
      <Filter>Source Files\GXEngine Editor Mobile</Filter>
    </ClCompile>
    <ClCompile Include="..\..\Sources\GXEngine Editor Mobile\EMLight.cpp">
      <Filter>Source Files\GXEngine Editor Mobile</Filter>
    </ClCompile>
    <ClCompile Include="..\..\Sources\GXEngine Editor Mobile\EMMain.cpp">
      <Filter>Source Files\GXEngine Editor Mobile</Filter>
    </ClCompile>
    <ClCompile Include="..\..\Sources\GXEngine Editor Mobile\EMMoveTool.cpp">
      <Filter>Source Files\GXEngine Editor Mobile</Filter>
    </ClCompile>
    <ClCompile Include="..\..\Sources\GXEngine Editor Mobile\EMRenderer.cpp">
      <Filter>Source Files\GXEngine Editor Mobile</Filter>
    </ClCompile>
    <ClCompile Include="..\..\Sources\GXEngine Editor Mobile\EMRotateGismo.cpp">
      <Filter>Source Files\GXEngine Editor Mobile</Filter>
    </ClCompile>
    <ClCompile Include="..\..\Sources\GXEngine Editor Mobile\EMScaleGismo.cpp">
      <Filter>Source Files\GXEngine Editor Mobile</Filter>
    </ClCompile>
    <ClCompile Include="..\..\Sources\GXEngine Editor Mobile\EMTool.cpp">
      <Filter>Source Files\GXEngine Editor Mobile</Filter>
    </ClCompile>
    <ClCompile Include="..\..\Sources\GXEngine Editor Mobile\EMUI.cpp">
      <Filter>Source Files\GXEngine Editor Mobile</Filter>
    </ClCompile>
    <ClCompile Include="..\..\Sources\GXEngine Editor Mobile\EMUIButton.cpp">
      <Filter>Source Files\GXEngine Editor Mobile</Filter>
    </ClCompile>
    <ClCompile Include="..\..\Sources\GXEngine Editor Mobile\EMUnitActor.cpp">
      <Filter>Source Files\GXEngine Editor Mobile</Filter>
    </ClCompile>
    <ClCompile Include="..\..\Sources\GXEngine Editor Mobile\EMViewer.cpp">
      <Filter>Source Files\GXEngine Editor Mobile</Filter>
    </ClCompile>
    <ClCompile Include="..\..\Sources\GXEngine Editor Mobile\Main.cpp">
      <Filter>Source Files\GXEngine Editor Mobile</Filter>
    </ClCompile>
    <ClCompile Include="..\..\Sources\GXCommon\GXCFGLoader.cpp">
      <Filter>Source Files\GXCommon</Filter>
    </ClCompile>
    <ClCompile Include="..\..\Sources\GXCommon\GXCFGSaver.cpp">
      <Filter>Source Files\GXCommon</Filter>
    </ClCompile>
    <ClCompile Include="..\..\Sources\GXEngine\GXFont.cpp">
      <Filter>Source Files\GXEngine</Filter>
    </ClCompile>
    <ClCompile Include="..\..\Sources\GXCommon\GXNativeSkeletalMesh.cpp">
      <Filter>Source Files\GXCommon</Filter>
    </ClCompile>
    <ClCompile Include="..\..\Sources\GXCommon\GXOBJLoader.cpp">
      <Filter>Source Files\GXCommon</Filter>
    </ClCompile>
    <ClCompile Include="..\..\Sources\GXEngine\GXHudSurface.cpp">
      <Filter>Source Files\GXEngine</Filter>
    </ClCompile>
    <ClCompile Include="..\..\Sources\GXEngine Editor Mobile\EMUIDraggableArea.cpp">
      <Filter>Source Files\GXEngine Editor Mobile</Filter>
    </ClCompile>
    <ClCompile Include="..\..\Sources\GXEngine\GXTouchSurface.cpp">
      <Filter>Source Files\GXEngine</Filter>
    </ClCompile>
    <ClCompile Include="..\..\Sources\GXEngine\GXWidget.cpp">
      <Filter>Source Files\GXEngine</Filter>
    </ClCompile>
    <ClCompile Include="..\..\Sources\GXEngine\GXUIButton.cpp">
      <Filter>Source Files\GXEngine</Filter>
    </ClCompile>
    <ClCompile Include="..\..\Sources\GXEngine\GXUIDraggableArea.cpp">
      <Filter>Source Files\GXEngine</Filter>
    </ClCompile>
    <ClCompile Include="..\..\Sources\GXEngine Editor Mobile\EMUIOpenFile.cpp">
      <Filter>Source Files\GXEngine Editor Mobile</Filter>
    </ClCompile>
    <ClCompile Include="..\..\Sources\GXEngine\GXUIStaticText.cpp">
      <Filter>Source Files\GXEngine</Filter>
    </ClCompile>
    <ClCompile Include="..\..\Sources\GXEngine Editor Mobile\EMUIStaticText.cpp">
      <Filter>Source Files\GXEngine Editor Mobile</Filter>
    </ClCompile>
    <ClCompile Include="..\..\Sources\GXEngine Editor Mobile\EMUISeparator.cpp">
      <Filter>Source Files\GXEngine Editor Mobile</Filter>
    </ClCompile>
    <ClCompile Include="..\..\Sources\GXEngine\GXUIListBox.cpp">
      <Filter>Source Files\GXEngine</Filter>
    </ClCompile>
    <ClCompile Include="..\..\Sources\GXEngine Editor Mobile\EMUIFileListBox.cpp">
      <Filter>Source Files\GXEngine Editor Mobile</Filter>
    </ClCompile>
    <ClCompile Include="..\..\Sources\GXEngine\GXUIEditBox.cpp">
      <Filter>Source Files\GXEngine</Filter>
    </ClCompile>
    <ClCompile Include="..\..\Sources\GXEngine Editor Mobile\EMUIEditBox.cpp">
      <Filter>Source Files\GXEngine Editor Mobile</Filter>
    </ClCompile>
    <ClCompile Include="..\..\Sources\GXEngine\GXUIInput.cpp">
      <Filter>Source Files\GXEngine</Filter>
    </ClCompile>
    <ClCompile Include="..\..\Sources\GXEngine\GXPhysXFrontend.cpp">
      <Filter>Source Files\GXEngine</Filter>
    </ClCompile>
    <ClCompile Include="..\..\Sources\GXEngine\GXEngineSettings.cpp">
      <Filter>Source Files\GXEngine</Filter>
    </ClCompile>
    <ClCompile Include="..\..\Sources\GXEngine\GXUIPopup.cpp">
      <Filter>Source Files\GXEngine</Filter>
    </ClCompile>
    <ClCompile Include="..\..\Sources\GXEngine Editor Mobile\EMUIPopup.cpp">
      <Filter>Source Files\GXEngine Editor Mobile</Filter>
    </ClCompile>
    <ClCompile Include="..\..\Sources\GXEngine\GXUIMenu.cpp">
      <Filter>Source Files\GXEngine</Filter>
    </ClCompile>
    <ClCompile Include="..\..\Sources\GXEngine Editor Mobile\EMUIMenu.cpp">
      <Filter>Source Files\GXEngine Editor Mobile</Filter>
    </ClCompile>
    <ClCompile Include="..\..\Sources\GXPhysics\GXPhysicsEngine.cpp">
      <Filter>Source Files\GXPhysics</Filter>
    </ClCompile>
    <ClCompile Include="..\..\Sources\GXPhysics\GXRigidBody.cpp">
      <Filter>Source Files\GXPhysics</Filter>
    </ClCompile>
    <ClCompile Include="..\..\Sources\GXPhysics\GXGravity.cpp">
      <Filter>Source Files\GXPhysics</Filter>
    </ClCompile>
    <ClCompile Include="..\..\Sources\GXPhysics\GXSpring.cpp">
      <Filter>Source Files\GXPhysics</Filter>
    </ClCompile>
    <ClCompile Include="..\..\Sources\GXPhysics\GXWorld.cpp">
      <Filter>Source Files\GXPhysics</Filter>
    </ClCompile>
    <ClCompile Include="..\..\Sources\GXPhysics\GXContact.cpp">
      <Filter>Source Files\GXPhysics</Filter>
    </ClCompile>
    <ClCompile Include="..\..\Sources\GXPhysics\GXShape.cpp">
      <Filter>Source Files\GXPhysics</Filter>
    </ClCompile>
    <ClCompile Include="..\..\Sources\GXPhysics\GXSphereShape.cpp">
      <Filter>Source Files\GXPhysics</Filter>
    </ClCompile>
    <ClCompile Include="..\..\Sources\GXPhysics\GXCollisionDetector.cpp">
      <Filter>Source Files\GXPhysics</Filter>
    </ClCompile>
    <ClCompile Include="..\..\Sources\GXPhysics\GXCollisionData.cpp">
      <Filter>Source Files\GXPhysics</Filter>
    </ClCompile>
    <ClCompile Include="..\..\Sources\GXPhysics\GXPlaneShape.cpp">
      <Filter>Source Files\GXPhysics</Filter>
    </ClCompile>
    <ClCompile Include="..\..\Sources\GXPhysics\GXBoxShape.cpp">
      <Filter>Source Files\GXPhysics</Filter>
    </ClCompile>
    <ClCompile Include="..\..\Sources\GXPhysics\GXContactResolver.cpp">
      <Filter>Source Files\GXPhysics</Filter>
    </ClCompile>
    <ClCompile Include="..\..\Sources\GXEngine Editor Mobile\EMPhysicsDrivenActor.cpp">
      <Filter>Source Files\GXEngine Editor Mobile</Filter>
    </ClCompile>
    <ClCompile Include="..\..\Sources\GXPhysics\GXPolygonShape.cpp">
      <Filter>Source Files\GXPhysics</Filter>
    </ClCompile>
    <ClCompile Include="..\..\Sources\GXEngine\GXTextureDuplicator.cpp">
      <Filter>Source Files\GXEngine</Filter>
    </ClCompile>
    <ClCompile Include="..\..\Sources\GXEngine\GXShaderProgram.cpp">
      <Filter>Source Files\GXEngine</Filter>
    </ClCompile>
    <ClCompile Include="..\..\Sources\GXEngine\GXMeshGeometry.cpp">
      <Filter>Source Files\GXEngine</Filter>
    </ClCompile>
    <ClCompile Include="..\..\Sources\GXEngine\GXRenderable.cpp">
      <Filter>Source Files\GXEngine</Filter>
    </ClCompile>
    <ClCompile Include="..\..\Sources\GXEngine\GXTexture.cpp">
      <Filter>Source Files\GXEngine</Filter>
    </ClCompile>
    <ClCompile Include="..\..\Sources\GXEngine\GXMaterial.cpp">
      <Filter>Source Files\GXEngine</Filter>
    </ClCompile>
    <ClCompile Include="..\..\Sources\GXEngine\GXUnlitColorMaterial.cpp">
      <Filter>Source Files\GXEngine</Filter>
    </ClCompile>
    <ClCompile Include="..\..\Sources\GXEngine\GXUnlitTexture2DMaterial.cpp">
      <Filter>Source Files\GXEngine</Filter>
    </ClCompile>
    <ClCompile Include="..\..\Sources\GXEngine\GXUnlitColorMaskMaterial.cpp">
      <Filter>Source Files\GXEngine</Filter>
    </ClCompile>
    <ClCompile Include="..\..\Sources\GXEngine Editor Mobile\EMObjectMaskMaterial.cpp">
      <Filter>Source Files\GXEngine Editor Mobile</Filter>
    </ClCompile>
    <ClCompile Include="..\..\Sources\GXEngine Editor Mobile\EMMesh.cpp">
      <Filter>Source Files\GXEngine Editor Mobile</Filter>
    </ClCompile>
  </ItemGroup>
  <ItemGroup>
    <ClInclude Include="..\..\Include\GXCommon\GXBKEStructs.h">
      <Filter>Header Files\GXCommon</Filter>
    </ClInclude>
    <ClInclude Include="..\..\Include\GXCommon\GXCFGLoader.h">
      <Filter>Header Files\GXCommon</Filter>
    </ClInclude>
    <ClInclude Include="..\..\Include\GXCommon\GXCFGSaver.h">
      <Filter>Header Files\GXCommon</Filter>
    </ClInclude>
    <ClInclude Include="..\..\Include\GXCommon\GXCFGStruct.h">
      <Filter>Header Files\GXCommon</Filter>
    </ClInclude>
    <ClInclude Include="..\..\Include\GXCommon\GXCommon.h">
      <Filter>Header Files\GXCommon</Filter>
    </ClInclude>
    <ClInclude Include="..\..\Include\GXCommon\GXFileSystem.h">
      <Filter>Header Files\GXCommon</Filter>
    </ClInclude>
    <ClInclude Include="..\..\Include\GXCommon\GXImageLoader.h">
      <Filter>Header Files\GXCommon</Filter>
    </ClInclude>
    <ClInclude Include="..\..\Include\GXCommon\GXLogger.h">
      <Filter>Header Files\GXCommon</Filter>
    </ClInclude>
    <ClInclude Include="..\..\Include\GXCommon\GXMath.h">
      <Filter>Header Files\GXCommon</Filter>
    </ClInclude>
    <ClInclude Include="..\..\Include\GXCommon\GXMemory.h">
      <Filter>Header Files\GXCommon</Filter>
    </ClInclude>
    <ClInclude Include="..\..\Include\GXCommon\GXMutex.h">
      <Filter>Header Files\GXCommon</Filter>
    </ClInclude>
    <ClInclude Include="..\..\Include\GXCommon\GXNativeSkeletalMesh.h">
      <Filter>Header Files\GXCommon</Filter>
    </ClInclude>
    <ClInclude Include="..\..\Include\GXCommon\GXNativeStaticMeshLoader.h">
      <Filter>Header Files\GXCommon</Filter>
    </ClInclude>
    <ClInclude Include="..\..\Include\GXCommon\GXNativeStaticMeshSaver.h">
      <Filter>Header Files\GXCommon</Filter>
    </ClInclude>
    <ClInclude Include="..\..\Include\GXCommon\GXNativeStaticMeshStructs.h">
      <Filter>Header Files\GXCommon</Filter>
    </ClInclude>
    <ClInclude Include="..\..\Include\GXCommon\GXOBJLoader.h">
      <Filter>Header Files\GXCommon</Filter>
    </ClInclude>
    <ClInclude Include="..\..\Include\GXCommon\GXPHGStructs.h">
      <Filter>Header Files\GXCommon</Filter>
    </ClInclude>
    <ClInclude Include="..\..\Include\GXCommon\GXSCNStructs.h">
      <Filter>Header Files\GXCommon</Filter>
    </ClInclude>
    <ClInclude Include="..\..\Include\GXCommon\GXSTGStructs.h">
      <Filter>Header Files\GXCommon</Filter>
    </ClInclude>
    <ClInclude Include="..\..\Include\GXCommon\GXStrings.h">
      <Filter>Header Files\GXCommon</Filter>
    </ClInclude>
    <ClInclude Include="..\..\Include\GXCommon\GXThread.h">
      <Filter>Header Files\GXCommon</Filter>
    </ClInclude>
    <ClInclude Include="..\..\Include\GXCommon\GXTime.h">
      <Filter>Header Files\GXCommon</Filter>
    </ClInclude>
    <ClInclude Include="..\..\Include\GXCommon\GXTypes.h">
      <Filter>Header Files\GXCommon</Filter>
    </ClInclude>
    <ClInclude Include="..\..\Include\GXCommon\GXAVLTree.h">
      <Filter>Header Files\GXCommon</Filter>
    </ClInclude>
    <ClInclude Include="..\..\Include\GXCommon\GXBKELoader.h">
      <Filter>Header Files\GXCommon</Filter>
    </ClInclude>
    <ClInclude Include="..\..\Include\GXCommon\GXBKESaver.h">
      <Filter>Header Files\GXCommon</Filter>
    </ClInclude>
    <ClInclude Include="..\..\Include\GXEngineDLL\GXEngineAPI.h">
      <Filter>Header Files\GXEngineDLL</Filter>
    </ClInclude>
    <ClInclude Include="..\..\Include\GXEngineDLL\GXEngineDLL.h">
      <Filter>Header Files\GXEngineDLL</Filter>
    </ClInclude>
    <ClInclude Include="..\..\Include\GXEngineDLL\GXFreeType.h">
      <Filter>Header Files\GXEngineDLL</Filter>
    </ClInclude>
    <ClInclude Include="..\..\Include\GXEngineDLL\GXOGGVorbis.h">
      <Filter>Header Files\GXEngineDLL</Filter>
    </ClInclude>
    <ClInclude Include="..\..\Include\GXEngineDLL\GXOpenAL.h">
      <Filter>Header Files\GXEngineDLL</Filter>
    </ClInclude>
    <ClInclude Include="..\..\Include\GXEngineDLL\GXPhysX.h">
      <Filter>Header Files\GXEngineDLL</Filter>
    </ClInclude>
    <ClInclude Include="..\..\Include\GXEngineDLL\GXXInput.h">
      <Filter>Header Files\GXEngineDLL</Filter>
    </ClInclude>
    <ClInclude Include="..\..\Include\GXEngine_Editor_Mobile\EMActor.h">
      <Filter>Header Files\GXEngine Editor Mobile</Filter>
    </ClInclude>
    <ClInclude Include="..\..\Include\GXEngine_Editor_Mobile\EMDirectedLightActor.h">
      <Filter>Header Files\GXEngine Editor Mobile</Filter>
    </ClInclude>
    <ClInclude Include="..\..\Include\GXEngine_Editor_Mobile\EMLight.h">
      <Filter>Header Files\GXEngine Editor Mobile</Filter>
    </ClInclude>
    <ClInclude Include="..\..\Include\GXEngine_Editor_Mobile\EMMain.h">
      <Filter>Header Files\GXEngine Editor Mobile</Filter>
    </ClInclude>
    <ClInclude Include="..\..\Include\GXEngine_Editor_Mobile\EMMoveTool.h">
      <Filter>Header Files\GXEngine Editor Mobile</Filter>
    </ClInclude>
    <ClInclude Include="..\..\Include\GXEngine_Editor_Mobile\EMRenderer.h">
      <Filter>Header Files\GXEngine Editor Mobile</Filter>
    </ClInclude>
    <ClInclude Include="..\..\Include\GXEngine_Editor_Mobile\EMRotateGismo.h">
      <Filter>Header Files\GXEngine Editor Mobile</Filter>
    </ClInclude>
    <ClInclude Include="..\..\Include\GXEngine_Editor_Mobile\EMScaleGismo.h">
      <Filter>Header Files\GXEngine Editor Mobile</Filter>
    </ClInclude>
    <ClInclude Include="..\..\Include\GXEngine_Editor_Mobile\EMTool.h">
      <Filter>Header Files\GXEngine Editor Mobile</Filter>
    </ClInclude>
    <ClInclude Include="..\..\Include\GXEngine_Editor_Mobile\EMUI.h">
      <Filter>Header Files\GXEngine Editor Mobile</Filter>
    </ClInclude>
    <ClInclude Include="..\..\Include\GXEngine_Editor_Mobile\EMUIButton.h">
      <Filter>Header Files\GXEngine Editor Mobile</Filter>
    </ClInclude>
    <ClInclude Include="..\..\Include\GXEngine_Editor_Mobile\EMUnitActor.h">
      <Filter>Header Files\GXEngine Editor Mobile</Filter>
    </ClInclude>
    <ClInclude Include="..\..\Include\GXEngine_Editor_Mobile\EMViewer.h">
      <Filter>Header Files\GXEngine Editor Mobile</Filter>
    </ClInclude>
    <ClInclude Include="..\..\Include\GXEngine\GXDoFEffect.h">
      <Filter>Header Files\GXEngine</Filter>
    </ClInclude>
    <ClInclude Include="..\..\Include\GXEngine\GXDrawable.h">
      <Filter>Header Files\GXEngine</Filter>
    </ClInclude>
    <ClInclude Include="..\..\Include\GXEngine\GXEditBox.h">
      <Filter>Header Files\GXEngine</Filter>
    </ClInclude>
    <ClInclude Include="..\..\Include\GXEngine\GXEngineSettings.h">
      <Filter>Header Files\GXEngine</Filter>
    </ClInclude>
    <ClInclude Include="..\..\Include\GXEngine\GXFont.h">
      <Filter>Header Files\GXEngine</Filter>
    </ClInclude>
    <ClInclude Include="..\..\Include\GXEngine\GXHudSurface.h">
      <Filter>Header Files\GXEngine</Filter>
    </ClInclude>
    <ClInclude Include="..\..\Include\GXEngine\GXIdealParticles.h">
      <Filter>Header Files\GXEngine</Filter>
    </ClInclude>
    <ClInclude Include="..\..\Include\GXEngine\GXInput.h">
      <Filter>Header Files\GXEngine</Filter>
    </ClInclude>
    <ClInclude Include="..\..\Include\GXEngine\GXJsonSaver.h">
      <Filter>Header Files\GXEngine</Filter>
    </ClInclude>
    <ClInclude Include="..\..\Include\GXEngine\GXLocale.h">
      <Filter>Header Files\GXEngine</Filter>
    </ClInclude>
    <ClInclude Include="..\..\Include\GXEngine\GXMenu.h">
      <Filter>Header Files\GXEngine</Filter>
    </ClInclude>
    <ClInclude Include="..\..\Include\GXEngine\GXMotionBlurEffect.h">
      <Filter>Header Files\GXEngine</Filter>
    </ClInclude>
    <ClInclude Include="..\..\Include\GXEngine\GXNetwork.h">
      <Filter>Header Files\GXEngine</Filter>
    </ClInclude>
    <ClInclude Include="..\..\Include\GXEngine\GXOGGSoundProvider.h">
      <Filter>Header Files\GXEngine</Filter>
    </ClInclude>
    <ClInclude Include="..\..\Include\GXEngine\GXOpenGL.h">
      <Filter>Header Files\GXEngine</Filter>
    </ClInclude>
    <ClInclude Include="..\..\Include\GXEngine\GXParticleSystem.h">
      <Filter>Header Files\GXEngine</Filter>
    </ClInclude>
    <ClInclude Include="..\..\Include\GXEngine\GXRealParticles.h">
      <Filter>Header Files\GXEngine</Filter>
    </ClInclude>
    <ClInclude Include="..\..\Include\GXEngine\GXRenderer.h">
      <Filter>Header Files\GXEngine</Filter>
    </ClInclude>
    <ClInclude Include="..\..\Include\GXEngine\GXResource.h">
      <Filter>Header Files\GXEngine</Filter>
    </ClInclude>
    <ClInclude Include="..\..\Include\GXEngine\GXSamplerUtils.h">
      <Filter>Header Files\GXEngine</Filter>
    </ClInclude>
    <ClInclude Include="..\..\Include\GXEngine\GXSound.h">
      <Filter>Header Files\GXEngine</Filter>
    </ClInclude>
    <ClInclude Include="..\..\Include\GXEngine\GXSoundChannel.h">
      <Filter>Header Files\GXEngine</Filter>
    </ClInclude>
    <ClInclude Include="..\..\Include\GXEngine\GXSoundEmitter.h">
      <Filter>Header Files\GXEngine</Filter>
    </ClInclude>
    <ClInclude Include="..\..\Include\GXEngine\GXSoundMixer.h">
      <Filter>Header Files\GXEngine</Filter>
    </ClInclude>
    <ClInclude Include="..\..\Include\GXEngine\GXSoundProvider.h">
      <Filter>Header Files\GXEngine</Filter>
    </ClInclude>
    <ClInclude Include="..\..\Include\GXEngine\GXSoundStorage.h">
      <Filter>Header Files\GXEngine</Filter>
    </ClInclude>
    <ClInclude Include="..\..\Include\GXEngine\GXTextureOuter.h">
      <Filter>Header Files\GXEngine</Filter>
    </ClInclude>
    <ClInclude Include="..\..\Include\GXEngine\GXAnimSolver.h">
      <Filter>Header Files\GXEngine</Filter>
    </ClInclude>
    <ClInclude Include="..\..\Include\GXEngine\GXAnimSolverMovement.h">
      <Filter>Header Files\GXEngine</Filter>
    </ClInclude>
    <ClInclude Include="..\..\Include\GXEngine\GXAnimSolverPlayer.h">
      <Filter>Header Files\GXEngine</Filter>
    </ClInclude>
    <ClInclude Include="..\..\Include\GXEngine\GXArrayTextureOuter.h">
      <Filter>Header Files\GXEngine</Filter>
    </ClInclude>
    <ClInclude Include="..\..\Include\GXEngine\GXCamera.h">
      <Filter>Header Files\GXEngine</Filter>
    </ClInclude>
    <ClInclude Include="..\..\Include\GXEngine\GXCameraman.h">
      <Filter>Header Files\GXEngine</Filter>
    </ClInclude>
    <ClInclude Include="..\..\Include\GXEngine\GXCameraOrthographic.h">
      <Filter>Header Files\GXEngine</Filter>
    </ClInclude>
    <ClInclude Include="..\..\Include\GXEngine\GXCameraPerspective.h">
      <Filter>Header Files\GXEngine</Filter>
    </ClInclude>
    <ClInclude Include="..\..\Include\GXEngine\GXCore.h">
      <Filter>Header Files\GXEngine</Filter>
    </ClInclude>
    <ClInclude Include="..\..\Include\GXEngine_Editor_Mobile\EMUIDraggableArea.h">
      <Filter>Header Files\GXEngine Editor Mobile</Filter>
    </ClInclude>
    <ClInclude Include="..\..\Include\GXEngine\GXTouchSurface.h">
      <Filter>Header Files\GXEngine</Filter>
    </ClInclude>
    <ClInclude Include="..\..\Include\GXEngine\GXUIMessage.h">
      <Filter>Header Files\GXEngine</Filter>
    </ClInclude>
    <ClInclude Include="..\..\Include\GXEngine\GXWidget.h">
      <Filter>Header Files\GXEngine</Filter>
    </ClInclude>
    <ClInclude Include="..\..\Include\GXEngine\GXUIButton.h">
      <Filter>Header Files\GXEngine</Filter>
    </ClInclude>
    <ClInclude Include="..\..\Include\GXEngine\GXUICommon.h">
      <Filter>Header Files\GXEngine</Filter>
    </ClInclude>
    <ClInclude Include="..\..\Include\GXEngine\GXUIDraggableArea.h">
      <Filter>Header Files\GXEngine</Filter>
    </ClInclude>
    <ClInclude Include="..\..\Include\GXEngine_Editor_Mobile\EMUIOpenFile.h">
      <Filter>Header Files\GXEngine Editor Mobile</Filter>
    </ClInclude>
    <ClInclude Include="..\..\Include\GXEngine\GXUIStaticText.h">
      <Filter>Header Files\GXEngine</Filter>
    </ClInclude>
    <ClInclude Include="..\..\Include\GXEngine_Editor_Mobile\EMUIStaticText.h">
      <Filter>Header Files\GXEngine Editor Mobile</Filter>
    </ClInclude>
    <ClInclude Include="..\..\Include\GXEngine_Editor_Mobile\EMUISeparator.h">
      <Filter>Header Files\GXEngine Editor Mobile</Filter>
    </ClInclude>
    <ClInclude Include="..\..\Include\GXEngine\GXUIListBox.h">
      <Filter>Header Files\GXEngine</Filter>
    </ClInclude>
    <ClInclude Include="..\..\Include\GXEngine_Editor_Mobile\EMUIFileListBox.h">
      <Filter>Header Files\GXEngine Editor Mobile</Filter>
    </ClInclude>
    <ClInclude Include="..\..\Include\GXEngine\GXUIEditBox.h">
      <Filter>Header Files\GXEngine</Filter>
    </ClInclude>
    <ClInclude Include="..\..\Include\GXEngine_Editor_Mobile\EMUIEditBox.h">
      <Filter>Header Files\GXEngine Editor Mobile</Filter>
    </ClInclude>
    <ClInclude Include="..\..\Include\GXEngine\GXUIInput.h">
      <Filter>Header Files\GXEngine</Filter>
    </ClInclude>
    <ClInclude Include="..\..\Include\GXEngine\GXPhysXFrontend.h">
      <Filter>Header Files\GXEngine</Filter>
    </ClInclude>
    <ClInclude Include="..\..\Include\GXEngine\GXUIPopup.h">
      <Filter>Header Files\GXEngine</Filter>
    </ClInclude>
    <ClInclude Include="..\..\Include\GXEngine_Editor_Mobile\EMUIPopup.h">
      <Filter>Header Files\GXEngine Editor Mobile</Filter>
    </ClInclude>
    <ClInclude Include="..\..\Include\GXEngine\GXUIMenu.h">
      <Filter>Header Files\GXEngine</Filter>
    </ClInclude>
    <ClInclude Include="..\..\Include\GXEngine_Editor_Mobile\EMUIMenu.h">
      <Filter>Header Files\GXEngine Editor Mobile</Filter>
    </ClInclude>
    <ClInclude Include="..\..\Include\GXPhysics\GXPhysicsEngine.h">
      <Filter>Header Files\GXPhysics</Filter>
    </ClInclude>
    <ClInclude Include="..\..\Include\GXPhysics\GXRigidBody.h">
      <Filter>Header Files\GXPhysics</Filter>
    </ClInclude>
    <ClInclude Include="..\..\Include\GXPhysics\GXForceGenerator.h">
      <Filter>Header Files\GXPhysics</Filter>
    </ClInclude>
    <ClInclude Include="..\..\Include\GXPhysics\GXGravity.h">
      <Filter>Header Files\GXPhysics</Filter>
    </ClInclude>
    <ClInclude Include="..\..\Include\GXPhysics\GXSpring.h">
      <Filter>Header Files\GXPhysics</Filter>
    </ClInclude>
    <ClInclude Include="..\..\Include\GXPhysics\GXTorqueGenerator.h">
      <Filter>Header Files\GXPhysics</Filter>
    </ClInclude>
    <ClInclude Include="..\..\Include\GXPhysics\GXWorld.h">
      <Filter>Header Files\GXPhysics</Filter>
    </ClInclude>
    <ClInclude Include="..\..\Include\GXPhysics\GXContact.h">
      <Filter>Header Files\GXPhysics</Filter>
    </ClInclude>
    <ClInclude Include="..\..\Include\GXPhysics\GXCollisionData.h">
      <Filter>Header Files\GXPhysics</Filter>
    </ClInclude>
    <ClInclude Include="..\..\Include\GXPhysics\GXShape.h">
      <Filter>Header Files\GXPhysics</Filter>
    </ClInclude>
    <ClInclude Include="..\..\Include\GXPhysics\GXSphereShape.h">
      <Filter>Header Files\GXPhysics</Filter>
    </ClInclude>
    <ClInclude Include="..\..\Include\GXPhysics\GXCollisionDetector.h">
      <Filter>Header Files\GXPhysics</Filter>
    </ClInclude>
    <ClInclude Include="..\..\Include\GXPhysics\GXPlaneShape.h">
      <Filter>Header Files\GXPhysics</Filter>
    </ClInclude>
    <ClInclude Include="..\..\Include\GXPhysics\GXBoxShape.h">
      <Filter>Header Files\GXPhysics</Filter>
    </ClInclude>
    <ClInclude Include="..\..\Include\GXPhysics\GXContactResolver.h">
      <Filter>Header Files\GXPhysics</Filter>
    </ClInclude>
    <ClInclude Include="..\..\Include\GXPhysics\GXContactsGenerator.h">
      <Filter>Header Files\GXPhysics</Filter>
    </ClInclude>
    <ClInclude Include="..\..\Include\GXEngine_Editor_Mobile\EMPhysicsDrivenActor.h">
      <Filter>Header Files\GXEngine Editor Mobile</Filter>
    </ClInclude>
    <ClInclude Include="..\..\Include\GXPhysics\GXPolygonShape.h">
      <Filter>Header Files\GXPhysics</Filter>
    </ClInclude>
    <ClInclude Include="..\..\Include\GXEngine\GXTextureDuplicator.h">
      <Filter>Header Files\GXEngine</Filter>
    </ClInclude>
    <ClInclude Include="..\..\Include\GXEngine\GXShaderProgram.h">
      <Filter>Header Files\GXEngine</Filter>
    </ClInclude>
    <ClInclude Include="..\..\Include\GXEngine\GXMeshGeometry.h">
      <Filter>Header Files\GXEngine</Filter>
    </ClInclude>
    <ClInclude Include="..\..\Include\GXEngine\GXRenderable.h">
      <Filter>Header Files\GXEngine</Filter>
    </ClInclude>
    <ClInclude Include="..\..\Include\GXEngine\GXTexture.h">
      <Filter>Header Files\GXEngine</Filter>
    </ClInclude>
    <ClInclude Include="..\..\Include\GXEngine\GXMaterial.h">
      <Filter>Header Files\GXEngine</Filter>
    </ClInclude>
    <ClInclude Include="..\..\Include\GXEngine\GXUnlitColorMaterial.h">
      <Filter>Header Files\GXEngine</Filter>
    </ClInclude>
    <ClInclude Include="..\..\Include\GXEngine\GXUnlitTexture2DMaterial.h">
      <Filter>Header Files\GXEngine</Filter>
    </ClInclude>
    <ClInclude Include="..\..\Include\GXEngine\GXUnlitColorMaskMaterial.h">
      <Filter>Header Files\GXEngine</Filter>
    </ClInclude>
    <ClInclude Include="..\..\Include\GXEngine_Editor_Mobile\EMObjectMaskMaterial.h">
      <Filter>Header Files\GXEngine Editor Mobile</Filter>
    </ClInclude>
    <ClInclude Include="..\..\Include\GXEngine_Editor_Mobile\EMMesh.h">
      <Filter>Header Files\GXEngine Editor Mobile</Filter>
    </ClInclude>
  </ItemGroup>
  <ItemGroup>
    <Resource Include="..\..\Sources\GXEngine\GXRecource.res">
      <Filter>Resource Files</Filter>
    </Resource>
  </ItemGroup>
  <ItemGroup>
    <Text Include="..\..\Shaders\Editor Mobile\Color_fs.txt">
      <Filter>Shaders\GXEngine Editor Mobile</Filter>
    </Text>
    <Text Include="..\..\Shaders\Editor Mobile\DirectedLight_fs.txt">
      <Filter>Shaders\GXEngine Editor Mobile</Filter>
    </Text>
    <Text Include="..\..\Shaders\Editor Mobile\Mask_fs.txt">
      <Filter>Shaders\GXEngine Editor Mobile</Filter>
    </Text>
    <Text Include="..\..\Shaders\Editor Mobile\MaskAlphaTest_fs.txt">
      <Filter>Shaders\GXEngine Editor Mobile</Filter>
    </Text>
    <Text Include="..\..\Shaders\Editor Mobile\MaskVertexAndUV_vs.txt">
      <Filter>Shaders\GXEngine Editor Mobile</Filter>
    </Text>
    <Text Include="..\..\Shaders\Editor Mobile\MaskVertexOnly_vs.txt">
      <Filter>Shaders\GXEngine Editor Mobile</Filter>
    </Text>
    <Text Include="..\..\Shaders\Editor Mobile\Null_fs.txt">
      <Filter>Shaders\GXEngine Editor Mobile</Filter>
    </Text>
    <Text Include="..\..\Shaders\Editor Mobile\OneSampler_fs.txt">
      <Filter>Shaders\GXEngine Editor Mobile</Filter>
    </Text>
    <Text Include="..\..\Shaders\Editor Mobile\ScreenQuad_vs.txt">
      <Filter>Shaders\GXEngine Editor Mobile</Filter>
    </Text>
    <Text Include="..\..\Shaders\Editor Mobile\StaticMesh_fs.txt">
      <Filter>Shaders\GXEngine Editor Mobile</Filter>
    </Text>
    <Text Include="..\..\Shaders\Editor Mobile\StaticMesh_vs.txt">
      <Filter>Shaders\GXEngine Editor Mobile</Filter>
    </Text>
    <Text Include="..\..\Shaders\Editor Mobile\VertexOnly_vs.txt">
      <Filter>Shaders\GXEngine Editor Mobile</Filter>
    </Text>
    <Text Include="..\..\Shaders\System\ArrayTextureOuter_fs.txt">
      <Filter>Shaders\System</Filter>
    </Text>
    <Text Include="..\..\Shaders\System\ArrayTextureOuter_vs.txt">
      <Filter>Shaders\System</Filter>
    </Text>
    <Text Include="..\..\Shaders\System\ColorMask_fs.txt">
      <Filter>Shaders\System</Filter>
    </Text>
    <Text Include="..\..\Shaders\System\DOF_fs.txt">
      <Filter>Shaders\System</Filter>
    </Text>
    <Text Include="..\..\Shaders\System\DOF_vs.txt">
      <Filter>Shaders\System</Filter>
    </Text>
    <Text Include="..\..\Shaders\System\GaussDownsamplerX16_First_Pass_fs.txt">
      <Filter>Shaders\System</Filter>
    </Text>
    <Text Include="..\..\Shaders\System\GaussDownsamplerX16_First_Pass_vs.txt">
      <Filter>Shaders\System</Filter>
    </Text>
    <Text Include="..\..\Shaders\System\GaussDownsamplerX16_Second_Pass_fs.txt">
      <Filter>Shaders\System</Filter>
    </Text>
    <Text Include="..\..\Shaders\System\GaussDownsamplerX16_Second_Pass_vs.txt">
      <Filter>Shaders\System</Filter>
    </Text>
    <Text Include="..\..\Shaders\System\Glyph_fs.txt">
      <Filter>Shaders\System</Filter>
    </Text>
    <Text Include="..\..\Shaders\System\HudSurface_fs.txt">
      <Filter>Shaders\System</Filter>
    </Text>
    <Text Include="..\..\Shaders\System\HudSurface_vs.txt">
      <Filter>Shaders\System</Filter>
    </Text>
    <Text Include="..\..\Shaders\System\Line_fs.txt">
      <Filter>Shaders\System</Filter>
    </Text>
    <Text Include="..\..\Shaders\System\Line_vs.txt">
      <Filter>Shaders\System</Filter>
    </Text>
    <Text Include="..\..\Shaders\System\MotionBlur_fs.txt">
      <Filter>Shaders\System</Filter>
    </Text>
    <Text Include="..\..\Shaders\System\MotionBlur_vs.txt">
      <Filter>Shaders\System</Filter>
    </Text>
    <Text Include="..\..\Shaders\System\NativeSkin_vs.txt">
      <Filter>Shaders\System</Filter>
    </Text>
    <Text Include="..\..\Shaders\System\Particle_fs.txt">
      <Filter>Shaders\System</Filter>
    </Text>
    <Text Include="..\..\Shaders\System\Particle_vs.txt">
      <Filter>Shaders\System</Filter>
    </Text>
    <Text Include="..\..\Shaders\System\Skeleton_fs.txt">
      <Filter>Shaders\System</Filter>
    </Text>
    <Text Include="..\..\Shaders\System\Skeleton_vs.txt">
      <Filter>Shaders\System</Filter>
    </Text>
    <Text Include="..\..\Shaders\System\SkinExt_fs.txt">
      <Filter>Shaders\System</Filter>
    </Text>
    <Text Include="..\..\Shaders\System\SkinExt_vs.txt">
      <Filter>Shaders\System</Filter>
    </Text>
    <Text Include="..\..\Shaders\System\TextureOuter_fs.txt">
      <Filter>Shaders\System</Filter>
    </Text>
    <Text Include="..\..\Shaders\System\TextureOuter_vs.txt">
      <Filter>Shaders\System</Filter>
    </Text>
    <Text Include="..\..\Shaders\System\TextureWithColorAndAlphaTest_fs.txt">
      <Filter>Shaders\System</Filter>
    </Text>
    <Text Include="..\..\Shaders\System\UnlitTexture2D_fs.txt">
      <Filter>Shaders\System</Filter>
    </Text>
    <Text Include="..\..\Shaders\System\VertexAndUV_vs.txt">
      <Filter>Shaders\System</Filter>
    </Text>
    <Text Include="..\..\Shaders\System\VertexUVScaleOffset_vs.txt">
      <Filter>Shaders\System</Filter>
    </Text>
  </ItemGroup>
</Project>