<?xml version="1.0" encoding="utf-8"?>
<Project ToolsVersion="4.0" xmlns="http://schemas.microsoft.com/developer/msbuild/2003">
  <ItemGroup>
    <Filter Include="Source Files">
      <UniqueIdentifier>{4FC737F1-C7A5-4376-A066-2A32D752A2FF}</UniqueIdentifier>
      <Extensions>cpp;c;cc;cxx;def;odl;idl;hpj;bat;asm;asmx</Extensions>
    </Filter>
    <Filter Include="Header Files">
      <UniqueIdentifier>{93995380-89BD-4b04-88EB-625FBE52EBFB}</UniqueIdentifier>
      <Extensions>h;hh;hpp;hxx;hm;inl;inc;xsd</Extensions>
    </Filter>
    <Filter Include="Resource Files">
      <UniqueIdentifier>{67DA6AB6-F800-4c08-8B7A-83BB121AAD01}</UniqueIdentifier>
      <Extensions>rc;ico;cur;bmp;dlg;rc2;rct;bin;rgs;gif;jpg;jpeg;jpe;resx;tiff;tif;png;wav;mfcribbon-ms</Extensions>
    </Filter>
    <Filter Include="Source Files\GXDummy">
      <UniqueIdentifier>{3ce94210-907c-4d0c-9f44-bae8054525e4}</UniqueIdentifier>
    </Filter>
    <Filter Include="Source Files\GXCommon">
      <UniqueIdentifier>{e5176d0d-0d3b-4a9b-a92d-f1cb4beaf3bc}</UniqueIdentifier>
    </Filter>
    <Filter Include="Header Files\GXDummy">
      <UniqueIdentifier>{41ad0908-61fc-433c-9745-e0c8a13a5c1b}</UniqueIdentifier>
    </Filter>
    <Filter Include="Header Files\GXCommon">
      <UniqueIdentifier>{7a7ffb54-1ec0-4c9b-9d97-1343f8d00487}</UniqueIdentifier>
    </Filter>
    <Filter Include="Header Files\GXCommon\Windows">
      <UniqueIdentifier>{22916a22-3d70-4375-9cda-ea6e5f6b7143}</UniqueIdentifier>
    </Filter>
    <Filter Include="Source Files\GXCommon\Windows">
      <UniqueIdentifier>{51a0790f-c4d6-4e0a-80e6-da3b6612649e}</UniqueIdentifier>
    </Filter>
  </ItemGroup>
  <ItemGroup>
    <ClCompile Include="..\..\Sources\GXDummy\main.cpp">
      <Filter>Source Files\GXDummy</Filter>
    </ClCompile>
    <ClCompile Include="..\..\Sources\GXCommon\GXLogger.cpp">
      <Filter>Source Files\GXCommon</Filter>
    </ClCompile>
    <ClCompile Include="..\..\Sources\GXCommon\GXMath.cpp">
      <Filter>Source Files\GXCommon</Filter>
    </ClCompile>
    <ClCompile Include="..\..\Sources\GXCommon\GXAbstractMutex.cpp">
      <Filter>Source Files\GXCommon</Filter>
    </ClCompile>
    <ClCompile Include="..\..\Sources\GXCommon\Windows\GXMutex.cpp">
      <Filter>Source Files\GXCommon\Windows</Filter>
    </ClCompile>
  </ItemGroup>
  <ItemGroup>
    <ClInclude Include="..\..\Include\GXCommon\GXAVLTree.h">
      <Filter>Header Files\GXCommon</Filter>
    </ClInclude>
    <ClInclude Include="..\..\Include\GXCommon\GXBKELoader.h">
      <Filter>Header Files\GXCommon</Filter>
    </ClInclude>
    <ClInclude Include="..\..\Include\GXCommon\GXBKESaver.h">
      <Filter>Header Files\GXCommon</Filter>
    </ClInclude>
    <ClInclude Include="..\..\Include\GXCommon\GXBKEStructs.h">
      <Filter>Header Files\GXCommon</Filter>
    </ClInclude>
    <ClInclude Include="..\..\Include\GXCommon\GXCFGLoader.h">
      <Filter>Header Files\GXCommon</Filter>
    </ClInclude>
    <ClInclude Include="..\..\Include\GXCommon\GXCFGSaver.h">
      <Filter>Header Files\GXCommon</Filter>
    </ClInclude>
    <ClInclude Include="..\..\Include\GXCommon\GXCFGStruct.h">
      <Filter>Header Files\GXCommon</Filter>
    </ClInclude>
    <ClInclude Include="..\..\Include\GXCommon\GXDisable3rdPartyWarnings.h">
      <Filter>Header Files\GXCommon</Filter>
    </ClInclude>
    <ClInclude Include="..\..\Include\GXCommon\GXDisableWarning.h">
      <Filter>Header Files\GXCommon</Filter>
    </ClInclude>
    <ClInclude Include="..\..\Include\GXCommon\GXFileSystem.h">
      <Filter>Header Files\GXCommon</Filter>
    </ClInclude>
    <ClInclude Include="..\..\Include\GXCommon\GXImageLoader.h">
      <Filter>Header Files\GXCommon</Filter>
    </ClInclude>
    <ClInclude Include="..\..\Include\GXCommon\GXLogger.h">
      <Filter>Header Files\GXCommon</Filter>
    </ClInclude>
    <ClInclude Include="..\..\Include\GXCommon\GXMath.h">
      <Filter>Header Files\GXCommon</Filter>
    </ClInclude>
    <ClInclude Include="..\..\Include\GXCommon\GXMemory.h">
      <Filter>Header Files\GXCommon</Filter>
    </ClInclude>
    <ClInclude Include="..\..\Include\GXCommon\GXMutex.h">
      <Filter>Header Files\GXCommon</Filter>
    </ClInclude>
    <ClInclude Include="..\..\Include\GXCommon\GXNativeSkeletalMesh.h">
      <Filter>Header Files\GXCommon</Filter>
    </ClInclude>
    <ClInclude Include="..\..\Include\GXCommon\GXNativeStaticMeshLoader.h">
      <Filter>Header Files\GXCommon</Filter>
    </ClInclude>
    <ClInclude Include="..\..\Include\GXCommon\GXNativeStaticMeshSaver.h">
      <Filter>Header Files\GXCommon</Filter>
    </ClInclude>
    <ClInclude Include="..\..\Include\GXCommon\GXNativeStaticMeshStructs.h">
      <Filter>Header Files\GXCommon</Filter>
    </ClInclude>
    <ClInclude Include="..\..\Include\GXCommon\GXOBJLoader.h">
      <Filter>Header Files\GXCommon</Filter>
    </ClInclude>
    <ClInclude Include="..\..\Include\GXCommon\GXPHGStructs.h">
      <Filter>Header Files\GXCommon</Filter>
    </ClInclude>
    <ClInclude Include="..\..\Include\GXCommon\GXRestoreWarnings.h">
      <Filter>Header Files\GXCommon</Filter>
    </ClInclude>
    <ClInclude Include="..\..\Include\GXCommon\GXSCNStructs.h">
      <Filter>Header Files\GXCommon</Filter>
    </ClInclude>
    <ClInclude Include="..\..\Include\GXCommon\GXSTGStructs.h">
      <Filter>Header Files\GXCommon</Filter>
    </ClInclude>
    <ClInclude Include="..\..\Include\GXCommon\GXStrings.h">
      <Filter>Header Files\GXCommon</Filter>
    </ClInclude>
    <ClInclude Include="..\..\Include\GXCommon\GXThread.h">
      <Filter>Header Files\GXCommon</Filter>
    </ClInclude>
    <ClInclude Include="..\..\Include\GXCommon\GXTime.h">
      <Filter>Header Files\GXCommon</Filter>
    </ClInclude>
    <ClInclude Include="..\..\Include\GXCommon\GXTypes.h">
      <Filter>Header Files\GXCommon</Filter>
    </ClInclude>
    <ClInclude Include="..\..\Include\GXCommon\Windows\GXDisable3rdPartyWarnings.h">
      <Filter>Header Files\GXCommon\Windows</Filter>
    </ClInclude>
    <ClInclude Include="..\..\Include\GXCommon\Windows\GXDisableWarning.h">
      <Filter>Header Files\GXCommon\Windows</Filter>
    </ClInclude>
    <ClInclude Include="..\..\Include\GXCommon\Windows\GXMutex.h">
      <Filter>Header Files\GXCommon\Windows</Filter>
    </ClInclude>
    <ClInclude Include="..\..\Include\GXCommon\Windows\GXRestoreWarnings.h">
      <Filter>Header Files\GXCommon\Windows</Filter>
    </ClInclude>
    <ClInclude Include="..\..\Include\GXCommon\Windows\GXThread.h">
      <Filter>Header Files\GXCommon\Windows</Filter>
    </ClInclude>
    <ClInclude Include="..\..\Include\GXCommon\Windows\GXTypes.h">
      <Filter>Header Files\GXCommon\Windows</Filter>
    </ClInclude>
  </ItemGroup>
</Project>